// !$*UTF8*$!
{
	archiveVersion = 1;
	classes = {
	};
	objectVersion = 77;
	objects = {

/* Begin PBXContainerItemProxy section */
		6CFF4CEF2EF3F4E100C60364 /* PBXContainerItemProxy */ = {
			isa = PBXContainerItemProxy;
			containerPortal = 6CFF4CCD2EF3F4DF00C60364 /* Project object */;
			proxyType = 1;
			remoteGlobalIDString = 6CFF4CD42EF3F4DF00C60364;
			remoteInfo = StrictConcurrency;
		};
		6CFF4CF92EF3F4E100C60364 /* PBXContainerItemProxy */ = {
			isa = PBXContainerItemProxy;
			containerPortal = 6CFF4CCD2EF3F4DF00C60364 /* Project object */;
			proxyType = 1;
			remoteGlobalIDString = 6CFF4CD42EF3F4DF00C60364;
			remoteInfo = StrictConcurrency;
		};
/* End PBXContainerItemProxy section */

/* Begin PBXFileReference section */
		6CFF4CD52EF3F4DF00C60364 /* StrictConcurrency.app */ = {isa = PBXFileReference; explicitFileType = wrapper.application; includeInIndex = 0; path = StrictConcurrency.app; sourceTree = BUILT_PRODUCTS_DIR; };
		6CFF4CEE2EF3F4E100C60364 /* StrictConcurrencyTests.xctest */ = {isa = PBXFileReference; explicitFileType = wrapper.cfbundle; includeInIndex = 0; path = StrictConcurrencyTests.xctest; sourceTree = BUILT_PRODUCTS_DIR; };
		6CFF4CF82EF3F4E100C60364 /* StrictConcurrencyUITests.xctest */ = {isa = PBXFileReference; explicitFileType = wrapper.cfbundle; includeInIndex = 0; path = StrictConcurrencyUITests.xctest; sourceTree = BUILT_PRODUCTS_DIR; };
/* End PBXFileReference section */

/* Begin PBXFileSystemSynchronizedBuildFileExceptionSet section */
		6CFF4D002EF3F4E100C60364 /* Exceptions for "StrictConcurrency" folder in "StrictConcurrency" target */ = {
			isa = PBXFileSystemSynchronizedBuildFileExceptionSet;
			membershipExceptions = (
				Info.plist,
			);
			target = 6CFF4CD42EF3F4DF00C60364 /* StrictConcurrency */;
		};
/* End PBXFileSystemSynchronizedBuildFileExceptionSet section */

/* Begin PBXFileSystemSynchronizedRootGroup section */
		6CFF4CD72EF3F4DF00C60364 /* StrictConcurrency */ = {
			isa = PBXFileSystemSynchronizedRootGroup;
			exceptions = (
				6CFF4D002EF3F4E100C60364 /* Exceptions for "StrictConcurrency" folder in "StrictConcurrency" target */,
			);
			path = StrictConcurrency;
			sourceTree = "<group>";
		};
		6CFF4CF12EF3F4E100C60364 /* StrictConcurrencyTests */ = {
			isa = PBXFileSystemSynchronizedRootGroup;
			path = StrictConcurrencyTests;
			sourceTree = "<group>";
		};
		6CFF4CFB2EF3F4E100C60364 /* StrictConcurrencyUITests */ = {
			isa = PBXFileSystemSynchronizedRootGroup;
			path = StrictConcurrencyUITests;
			sourceTree = "<group>";
		};
/* End PBXFileSystemSynchronizedRootGroup section */

/* Begin PBXFrameworksBuildPhase section */
		6CFF4CD22EF3F4DF00C60364 /* Frameworks */ = {
			isa = PBXFrameworksBuildPhase;
			buildActionMask = 2147483647;
			files = (
			);
			runOnlyForDeploymentPostprocessing = 0;
		};
		6CFF4CEB2EF3F4E100C60364 /* Frameworks */ = {
			isa = PBXFrameworksBuildPhase;
			buildActionMask = 2147483647;
			files = (
			);
			runOnlyForDeploymentPostprocessing = 0;
		};
		6CFF4CF52EF3F4E100C60364 /* Frameworks */ = {
			isa = PBXFrameworksBuildPhase;
			buildActionMask = 2147483647;
			files = (
			);
			runOnlyForDeploymentPostprocessing = 0;
		};
/* End PBXFrameworksBuildPhase section */

/* Begin PBXGroup section */
		6CFF4CCC2EF3F4DF00C60364 = {
			isa = PBXGroup;
			children = (
				6CFF4CD72EF3F4DF00C60364 /* StrictConcurrency */,
				6CFF4CF12EF3F4E100C60364 /* StrictConcurrencyTests */,
				6CFF4CFB2EF3F4E100C60364 /* StrictConcurrencyUITests */,
				6CFF4CD62EF3F4DF00C60364 /* Products */,
			);
			sourceTree = "<group>";
		};
		6CFF4CD62EF3F4DF00C60364 /* Products */ = {
			isa = PBXGroup;
			children = (
				6CFF4CD52EF3F4DF00C60364 /* StrictConcurrency.app */,
				6CFF4CEE2EF3F4E100C60364 /* StrictConcurrencyTests.xctest */,
				6CFF4CF82EF3F4E100C60364 /* StrictConcurrencyUITests.xctest */,
			);
			name = Products;
			sourceTree = "<group>";
		};
/* End PBXGroup section */

/* Begin PBXNativeTarget section */
		6CFF4CD42EF3F4DF00C60364 /* StrictConcurrency */ = {
			isa = PBXNativeTarget;
			buildConfigurationList = 6CFF4D012EF3F4E100C60364 /* Build configuration list for PBXNativeTarget "StrictConcurrency" */;
			buildPhases = (
				6CFF4CD12EF3F4DF00C60364 /* Sources */,
				6CFF4CD22EF3F4DF00C60364 /* Frameworks */,
				6CFF4CD32EF3F4DF00C60364 /* Resources */,
			);
			buildRules = (
			);
			dependencies = (
			);
			fileSystemSynchronizedGroups = (
				6CFF4CD72EF3F4DF00C60364 /* StrictConcurrency */,
			);
			name = StrictConcurrency;
			packageProductDependencies = (
			);
			productName = StrictConcurrency;
			productReference = 6CFF4CD52EF3F4DF00C60364 /* StrictConcurrency.app */;
			productType = "com.apple.product-type.application";
		};
		6CFF4CED2EF3F4E100C60364 /* StrictConcurrencyTests */ = {
			isa = PBXNativeTarget;
			buildConfigurationList = 6CFF4D062EF3F4E100C60364 /* Build configuration list for PBXNativeTarget "StrictConcurrencyTests" */;
			buildPhases = (
				6CFF4CEA2EF3F4E100C60364 /* Sources */,
				6CFF4CEB2EF3F4E100C60364 /* Frameworks */,
				6CFF4CEC2EF3F4E100C60364 /* Resources */,
			);
			buildRules = (
			);
			dependencies = (
				6CFF4CF02EF3F4E100C60364 /* PBXTargetDependency */,
			);
			fileSystemSynchronizedGroups = (
				6CFF4CF12EF3F4E100C60364 /* StrictConcurrencyTests */,
			);
			name = StrictConcurrencyTests;
			packageProductDependencies = (
			);
			productName = StrictConcurrencyTests;
			productReference = 6CFF4CEE2EF3F4E100C60364 /* StrictConcurrencyTests.xctest */;
			productType = "com.apple.product-type.bundle.unit-test";
		};
		6CFF4CF72EF3F4E100C60364 /* StrictConcurrencyUITests */ = {
			isa = PBXNativeTarget;
			buildConfigurationList = 6CFF4D092EF3F4E100C60364 /* Build configuration list for PBXNativeTarget "StrictConcurrencyUITests" */;
			buildPhases = (
				6CFF4CF42EF3F4E100C60364 /* Sources */,
				6CFF4CF52EF3F4E100C60364 /* Frameworks */,
				6CFF4CF62EF3F4E100C60364 /* Resources */,
			);
			buildRules = (
			);
			dependencies = (
				6CFF4CFA2EF3F4E100C60364 /* PBXTargetDependency */,
			);
			fileSystemSynchronizedGroups = (
				6CFF4CFB2EF3F4E100C60364 /* StrictConcurrencyUITests */,
			);
			name = StrictConcurrencyUITests;
			packageProductDependencies = (
			);
			productName = StrictConcurrencyUITests;
			productReference = 6CFF4CF82EF3F4E100C60364 /* StrictConcurrencyUITests.xctest */;
			productType = "com.apple.product-type.bundle.ui-testing";
		};
/* End PBXNativeTarget section */

/* Begin PBXProject section */
		6CFF4CCD2EF3F4DF00C60364 /* Project object */ = {
			isa = PBXProject;
			attributes = {
				BuildIndependentTargetsInParallel = 1;
				LastSwiftUpdateCheck = 1630;
				LastUpgradeCheck = 1630;
				TargetAttributes = {
					6CFF4CD42EF3F4DF00C60364 = {
						CreatedOnToolsVersion = 16.3;
					};
					6CFF4CED2EF3F4E100C60364 = {
						CreatedOnToolsVersion = 16.3;
						TestTargetID = 6CFF4CD42EF3F4DF00C60364;
					};
					6CFF4CF72EF3F4E100C60364 = {
						CreatedOnToolsVersion = 16.3;
						TestTargetID = 6CFF4CD42EF3F4DF00C60364;
					};
				};
			};
			buildConfigurationList = 6CFF4CD02EF3F4DF00C60364 /* Build configuration list for PBXProject "StrictConcurrency" */;
			developmentRegion = en;
			hasScannedForEncodings = 0;
			knownRegions = (
				en,
				Base,
			);
			mainGroup = 6CFF4CCC2EF3F4DF00C60364;
			minimizedProjectReferenceProxies = 1;
			preferredProjectObjectVersion = 77;
			productRefGroup = 6CFF4CD62EF3F4DF00C60364 /* Products */;
			projectDirPath = "";
			projectRoot = "";
			targets = (
				6CFF4CD42EF3F4DF00C60364 /* StrictConcurrency */,
				6CFF4CED2EF3F4E100C60364 /* StrictConcurrencyTests */,
				6CFF4CF72EF3F4E100C60364 /* StrictConcurrencyUITests */,
			);
		};
/* End PBXProject section */

/* Begin PBXResourcesBuildPhase section */
		6CFF4CD32EF3F4DF00C60364 /* Resources */ = {
			isa = PBXResourcesBuildPhase;
			buildActionMask = 2147483647;
			files = (
			);
			runOnlyForDeploymentPostprocessing = 0;
		};
		6CFF4CEC2EF3F4E100C60364 /* Resources */ = {
			isa = PBXResourcesBuildPhase;
			buildActionMask = 2147483647;
			files = (
			);
			runOnlyForDeploymentPostprocessing = 0;
		};
		6CFF4CF62EF3F4E100C60364 /* Resources */ = {
			isa = PBXResourcesBuildPhase;
			buildActionMask = 2147483647;
			files = (
			);
			runOnlyForDeploymentPostprocessing = 0;
		};
/* End PBXResourcesBuildPhase section */

/* Begin PBXSourcesBuildPhase section */
		6CFF4CD12EF3F4DF00C60364 /* Sources */ = {
			isa = PBXSourcesBuildPhase;
			buildActionMask = 2147483647;
			files = (
			);
			runOnlyForDeploymentPostprocessing = 0;
		};
		6CFF4CEA2EF3F4E100C60364 /* Sources */ = {
			isa = PBXSourcesBuildPhase;
			buildActionMask = 2147483647;
			files = (
			);
			runOnlyForDeploymentPostprocessing = 0;
		};
		6CFF4CF42EF3F4E100C60364 /* Sources */ = {
			isa = PBXSourcesBuildPhase;
			buildActionMask = 2147483647;
			files = (
			);
			runOnlyForDeploymentPostprocessing = 0;
		};
/* End PBXSourcesBuildPhase section */

/* Begin PBXTargetDependency section */
		6CFF4CF02EF3F4E100C60364 /* PBXTargetDependency */ = {
			isa = PBXTargetDependency;
			target = 6CFF4CD42EF3F4DF00C60364 /* StrictConcurrency */;
			targetProxy = 6CFF4CEF2EF3F4E100C60364 /* PBXContainerItemProxy */;
		};
		6CFF4CFA2EF3F4E100C60364 /* PBXTargetDependency */ = {
			isa = PBXTargetDependency;
			target = 6CFF4CD42EF3F4DF00C60364 /* StrictConcurrency */;
			targetProxy = 6CFF4CF92EF3F4E100C60364 /* PBXContainerItemProxy */;
		};
/* End PBXTargetDependency section */

/* Begin XCBuildConfiguration section */
		6CFF4D022EF3F4E100C60364 /* Debug */ = {
			isa = XCBuildConfiguration;
			buildSettings = {
				ASSETCATALOG_COMPILER_APPICON_NAME = AppIcon;
				ASSETCATALOG_COMPILER_GLOBAL_ACCENT_COLOR_NAME = AccentColor;
				CODE_SIGN_STYLE = Automatic;
				CURRENT_PROJECT_VERSION = 1;
				DEVELOPMENT_TEAM = 9TNVAWA2VV;
				GENERATE_INFOPLIST_FILE = YES;
				INFOPLIST_FILE = StrictConcurrency/Info.plist;
				INFOPLIST_KEY_UIApplicationSupportsIndirectInputEvents = YES;
				INFOPLIST_KEY_UILaunchStoryboardName = LaunchScreen;
				INFOPLIST_KEY_UIMainStoryboardFile = Main;
				INFOPLIST_KEY_UISupportedInterfaceOrientations_iPad = "UIInterfaceOrientationPortrait UIInterfaceOrientationPortraitUpsideDown UIInterfaceOrientationLandscapeLeft UIInterfaceOrientationLandscapeRight";
				INFOPLIST_KEY_UISupportedInterfaceOrientations_iPhone = "UIInterfaceOrientationPortrait UIInterfaceOrientationLandscapeLeft UIInterfaceOrientationLandscapeRight";
				LD_RUNPATH_SEARCH_PATHS = (
					"$(inherited)",
					"@executable_path/Frameworks",
				);
				MARKETING_VERSION = 1.0;
				PRODUCT_BUNDLE_IDENTIFIER = com.h2sync.test.StrictConcurrency;
				PRODUCT_NAME = "$(TARGET_NAME)";
				SWIFT_EMIT_LOC_STRINGS = YES;
				SWIFT_VERSION = 5.0;
				TARGETED_DEVICE_FAMILY = "1,2";
			};
			name = Debug;
		};
		6CFF4D032EF3F4E100C60364 /* Release */ = {
			isa = XCBuildConfiguration;
			buildSettings = {
				ASSETCATALOG_COMPILER_APPICON_NAME = AppIcon;
				ASSETCATALOG_COMPILER_GLOBAL_ACCENT_COLOR_NAME = AccentColor;
				CODE_SIGN_STYLE = Automatic;
				CURRENT_PROJECT_VERSION = 1;
				DEVELOPMENT_TEAM = 9TNVAWA2VV;
				GENERATE_INFOPLIST_FILE = YES;
				INFOPLIST_FILE = StrictConcurrency/Info.plist;
				INFOPLIST_KEY_UIApplicationSupportsIndirectInputEvents = YES;
				INFOPLIST_KEY_UILaunchStoryboardName = LaunchScreen;
				INFOPLIST_KEY_UIMainStoryboardFile = Main;
				INFOPLIST_KEY_UISupportedInterfaceOrientations_iPad = "UIInterfaceOrientationPortrait UIInterfaceOrientationPortraitUpsideDown UIInterfaceOrientationLandscapeLeft UIInterfaceOrientationLandscapeRight";
				INFOPLIST_KEY_UISupportedInterfaceOrientations_iPhone = "UIInterfaceOrientationPortrait UIInterfaceOrientationLandscapeLeft UIInterfaceOrientationLandscapeRight";
				LD_RUNPATH_SEARCH_PATHS = (
					"$(inherited)",
					"@executable_path/Frameworks",
				);
				MARKETING_VERSION = 1.0;
				PRODUCT_BUNDLE_IDENTIFIER = com.h2sync.test.StrictConcurrency;
				PRODUCT_NAME = "$(TARGET_NAME)";
				SWIFT_EMIT_LOC_STRINGS = YES;
				SWIFT_VERSION = 5.0;
				TARGETED_DEVICE_FAMILY = "1,2";
			};
			name = Release;
		};
		6CFF4D042EF3F4E100C60364 /* Debug */ = {
			isa = XCBuildConfiguration;
			buildSettings = {
				ALWAYS_SEARCH_USER_PATHS = NO;
				ASSETCATALOG_COMPILER_GENERATE_SWIFT_ASSET_SYMBOL_EXTENSIONS = YES;
				CLANG_ANALYZER_NONNULL = YES;
				CLANG_ANALYZER_NUMBER_OBJECT_CONVERSION = YES_AGGRESSIVE;
				CLANG_CXX_LANGUAGE_STANDARD = "gnu++20";
				CLANG_ENABLE_MODULES = YES;
				CLANG_ENABLE_OBJC_ARC = YES;
				CLANG_ENABLE_OBJC_WEAK = YES;
				CLANG_WARN_BLOCK_CAPTURE_AUTORELEASING = YES;
				CLANG_WARN_BOOL_CONVERSION = YES;
				CLANG_WARN_COMMA = YES;
				CLANG_WARN_CONSTANT_CONVERSION = YES;
				CLANG_WARN_DEPRECATED_OBJC_IMPLEMENTATIONS = YES;
				CLANG_WARN_DIRECT_OBJC_ISA_USAGE = YES_ERROR;
				CLANG_WARN_DOCUMENTATION_COMMENTS = YES;
				CLANG_WARN_EMPTY_BODY = YES;
				CLANG_WARN_ENUM_CONVERSION = YES;
				CLANG_WARN_INFINITE_RECURSION = YES;
				CLANG_WARN_INT_CONVERSION = YES;
				CLANG_WARN_NON_LITERAL_NULL_CONVERSION = YES;
				CLANG_WARN_OBJC_IMPLICIT_RETAIN_SELF = YES;
				CLANG_WARN_OBJC_LITERAL_CONVERSION = YES;
				CLANG_WARN_OBJC_ROOT_CLASS = YES_ERROR;
				CLANG_WARN_QUOTED_INCLUDE_IN_FRAMEWORK_HEADER = YES;
				CLANG_WARN_RANGE_LOOP_ANALYSIS = YES;
				CLANG_WARN_STRICT_PROTOTYPES = YES;
				CLANG_WARN_SUSPICIOUS_MOVE = YES;
				CLANG_WARN_UNGUARDED_AVAILABILITY = YES_AGGRESSIVE;
				CLANG_WARN_UNREACHABLE_CODE = YES;
				CLANG_WARN__DUPLICATE_METHOD_MATCH = YES;
				COPY_PHASE_STRIP = NO;
				DEBUG_INFORMATION_FORMAT = dwarf;
				DEVELOPMENT_TEAM = 9TNVAWA2VV;
				ENABLE_STRICT_OBJC_MSGSEND = YES;
				ENABLE_TESTABILITY = YES;
				ENABLE_USER_SCRIPT_SANDBOXING = YES;
				GCC_C_LANGUAGE_STANDARD = gnu17;
				GCC_DYNAMIC_NO_PIC = NO;
				GCC_NO_COMMON_BLOCKS = YES;
				GCC_OPTIMIZATION_LEVEL = 0;
				GCC_PREPROCESSOR_DEFINITIONS = (
					"DEBUG=1",
					"$(inherited)",
				);
				GCC_WARN_64_TO_32_BIT_CONVERSION = YES;
				GCC_WARN_ABOUT_RETURN_TYPE = YES_ERROR;
				GCC_WARN_UNDECLARED_SELECTOR = YES;
				GCC_WARN_UNINITIALIZED_AUTOS = YES_AGGRESSIVE;
				GCC_WARN_UNUSED_FUNCTION = YES;
				GCC_WARN_UNUSED_VARIABLE = YES;
				IPHONEOS_DEPLOYMENT_TARGET = 18.4;
				LOCALIZATION_PREFERS_STRING_CATALOGS = YES;
				MTL_ENABLE_DEBUG_INFO = INCLUDE_SOURCE;
				MTL_FAST_MATH = YES;
				ONLY_ACTIVE_ARCH = YES;
				SDKROOT = iphoneos;
				SWIFT_ACTIVE_COMPILATION_CONDITIONS = "DEBUG $(inherited)";
				SWIFT_OPTIMIZATION_LEVEL = "-Onone";
			};
			name = Debug;
		};
		6CFF4D052EF3F4E100C60364 /* Release */ = {
			isa = XCBuildConfiguration;
			buildSettings = {
				ALWAYS_SEARCH_USER_PATHS = NO;
				ASSETCATALOG_COMPILER_GENERATE_SWIFT_ASSET_SYMBOL_EXTENSIONS = YES;
				CLANG_ANALYZER_NONNULL = YES;
				CLANG_ANALYZER_NUMBER_OBJECT_CONVERSION = YES_AGGRESSIVE;
				CLANG_CXX_LANGUAGE_STANDARD = "gnu++20";
				CLANG_ENABLE_MODULES = YES;
				CLANG_ENABLE_OBJC_ARC = YES;
				CLANG_ENABLE_OBJC_WEAK = YES;
				CLANG_WARN_BLOCK_CAPTURE_AUTORELEASING = YES;
				CLANG_WARN_BOOL_CONVERSION = YES;
				CLANG_WARN_COMMA = YES;
				CLANG_WARN_CONSTANT_CONVERSION = YES;
				CLANG_WARN_DEPRECATED_OBJC_IMPLEMENTATIONS = YES;
				CLANG_WARN_DIRECT_OBJC_ISA_USAGE = YES_ERROR;
				CLANG_WARN_DOCUMENTATION_COMMENTS = YES;
				CLANG_WARN_EMPTY_BODY = YES;
				CLANG_WARN_ENUM_CONVERSION = YES;
				CLANG_WARN_INFINITE_RECURSION = YES;
				CLANG_WARN_INT_CONVERSION = YES;
				CLANG_WARN_NON_LITERAL_NULL_CONVERSION = YES;
				CLANG_WARN_OBJC_IMPLICIT_RETAIN_SELF = YES;
				CLANG_WARN_OBJC_LITERAL_CONVERSION = YES;
				CLANG_WARN_OBJC_ROOT_CLASS = YES_ERROR;
				CLANG_WARN_QUOTED_INCLUDE_IN_FRAMEWORK_HEADER = YES;
				CLANG_WARN_RANGE_LOOP_ANALYSIS = YES;
				CLANG_WARN_STRICT_PROTOTYPES = YES;
				CLANG_WARN_SUSPICIOUS_MOVE = YES;
				CLANG_WARN_UNGUARDED_AVAILABILITY = YES_AGGRESSIVE;
				CLANG_WARN_UNREACHABLE_CODE = YES;
				CLANG_WARN__DUPLICATE_METHOD_MATCH = YES;
				COPY_PHASE_STRIP = NO;
				DEBUG_INFORMATION_FORMAT = "dwarf-with-dsym";
				DEVELOPMENT_TEAM = 9TNVAWA2VV;
				ENABLE_NS_ASSERTIONS = NO;
				ENABLE_STRICT_OBJC_MSGSEND = YES;
				ENABLE_USER_SCRIPT_SANDBOXING = YES;
				GCC_C_LANGUAGE_STANDARD = gnu17;
				GCC_NO_COMMON_BLOCKS = YES;
				GCC_WARN_64_TO_32_BIT_CONVERSION = YES;
				GCC_WARN_ABOUT_RETURN_TYPE = YES_ERROR;
				GCC_WARN_UNDECLARED_SELECTOR = YES;
				GCC_WARN_UNINITIALIZED_AUTOS = YES_AGGRESSIVE;
				GCC_WARN_UNUSED_FUNCTION = YES;
				GCC_WARN_UNUSED_VARIABLE = YES;
				IPHONEOS_DEPLOYMENT_TARGET = 18.4;
				LOCALIZATION_PREFERS_STRING_CATALOGS = YES;
				MTL_ENABLE_DEBUG_INFO = NO;
				MTL_FAST_MATH = YES;
				SDKROOT = iphoneos;
				SWIFT_COMPILATION_MODE = wholemodule;
				VALIDATE_PRODUCT = YES;
			};
			name = Release;
		};
		6CFF4D072EF3F4E100C60364 /* Debug */ = {
			isa = XCBuildConfiguration;
			buildSettings = {
				BUNDLE_LOADER = "$(TEST_HOST)";
				CODE_SIGN_STYLE = Automatic;
				CURRENT_PROJECT_VERSION = 1;
				DEVELOPMENT_TEAM = 9TNVAWA2VV;
				GENERATE_INFOPLIST_FILE = YES;
				IPHONEOS_DEPLOYMENT_TARGET = 18.4;
				MARKETING_VERSION = 1.0;
				PRODUCT_BUNDLE_IDENTIFIER = com.h2sync.test.StrictConcurrencyTests;
				PRODUCT_NAME = "$(TARGET_NAME)";
				SWIFT_EMIT_LOC_STRINGS = NO;
				SWIFT_VERSION = 5.0;
				TARGETED_DEVICE_FAMILY = "1,2";
				TEST_HOST = "$(BUILT_PRODUCTS_DIR)/StrictConcurrency.app/$(BUNDLE_EXECUTABLE_FOLDER_PATH)/StrictConcurrency";
			};
			name = Debug;
		};
		6CFF4D082EF3F4E100C60364 /* Release */ = {
			isa = XCBuildConfiguration;
			buildSettings = {
				BUNDLE_LOADER = "$(TEST_HOST)";
				CODE_SIGN_STYLE = Automatic;
				CURRENT_PROJECT_VERSION = 1;
				DEVELOPMENT_TEAM = 9TNVAWA2VV;
				GENERATE_INFOPLIST_FILE = YES;
				IPHONEOS_DEPLOYMENT_TARGET = 18.4;
				MARKETING_VERSION = 1.0;
				PRODUCT_BUNDLE_IDENTIFIER = com.h2sync.test.StrictConcurrencyTests;
				PRODUCT_NAME = "$(TARGET_NAME)";
				SWIFT_EMIT_LOC_STRINGS = NO;
				SWIFT_VERSION = 5.0;
				TARGETED_DEVICE_FAMILY = "1,2";
				TEST_HOST = "$(BUILT_PRODUCTS_DIR)/StrictConcurrency.app/$(BUNDLE_EXECUTABLE_FOLDER_PATH)/StrictConcurrency";
			};
			name = Release;
		};
		6CFF4D0A2EF3F4E100C60364 /* Debug */ = {
			isa = XCBuildConfiguration;
			buildSettings = {
				CODE_SIGN_STYLE = Automatic;
				CURRENT_PROJECT_VERSION = 1;
				DEVELOPMENT_TEAM = 9TNVAWA2VV;
				GENERATE_INFOPLIST_FILE = YES;
				MARKETING_VERSION = 1.0;
				PRODUCT_BUNDLE_IDENTIFIER = com.h2sync.test.StrictConcurrencyUITests;
				PRODUCT_NAME = "$(TARGET_NAME)";
				SWIFT_EMIT_LOC_STRINGS = NO;
				SWIFT_VERSION = 5.0;
				TARGETED_DEVICE_FAMILY = "1,2";
				TEST_TARGET_NAME = StrictConcurrency;
			};
			name = Debug;
		};
		6CFF4D0B2EF3F4E100C60364 /* Release */ = {
			isa = XCBuildConfiguration;
			buildSettings = {
				CODE_SIGN_STYLE = Automatic;
				CURRENT_PROJECT_VERSION = 1;
				DEVELOPMENT_TEAM = 9TNVAWA2VV;
				GENERATE_INFOPLIST_FILE = YES;
				MARKETING_VERSION = 1.0;
				PRODUCT_BUNDLE_IDENTIFIER = com.h2sync.test.StrictConcurrencyUITests;
				PRODUCT_NAME = "$(TARGET_NAME)";
				SWIFT_EMIT_LOC_STRINGS = NO;
				SWIFT_VERSION = 5.0;
				TARGETED_DEVICE_FAMILY = "1,2";
				TEST_TARGET_NAME = StrictConcurrency;
			};
			name = Release;
		};
/* End XCBuildConfiguration section */

/* Begin XCConfigurationList section */
		6CFF4CD02EF3F4DF00C60364 /* Build configuration list for PBXProject "StrictConcurrency" */ = {
			isa = XCConfigurationList;
			buildConfigurations = (
				6CFF4D042EF3F4E100C60364 /* Debug */,
				6CFF4D052EF3F4E100C60364 /* Release */,
			);
			defaultConfigurationIsVisible = 0;
			defaultConfigurationName = Release;
		};
		6CFF4D012EF3F4E100C60364 /* Build configuration list for PBXNativeTarget "StrictConcurrency" */ = {
			isa = XCConfigurationList;
			buildConfigurations = (
				6CFF4D022EF3F4E100C60364 /* Debug */,
				6CFF4D032EF3F4E100C60364 /* Release */,
			);
			defaultConfigurationIsVisible = 0;
			defaultConfigurationName = Release;
		};
		6CFF4D062EF3F4E100C60364 /* Build configuration list for PBXNativeTarget "StrictConcurrencyTests" */ = {
			isa = XCConfigurationList;
			buildConfigurations = (
				6CFF4D072EF3F4E100C60364 /* Debug */,
				6CFF4D082EF3F4E100C60364 /* Release */,
			);
			defaultConfigurationIsVisible = 0;
			defaultConfigurationName = Release;
		};
		6CFF4D092EF3F4E100C60364 /* Build configuration list for PBXNativeTarget "StrictConcurrencyUITests" */ = {
			isa = XCConfigurationList;
			buildConfigurations = (
				6CFF4D0A2EF3F4E100C60364 /* Debug */,
				6CFF4D0B2EF3F4E100C60364 /* Release */,
			);
			defaultConfigurationIsVisible = 0;
			defaultConfigurationName = Release;
		};
/* End XCConfigurationList section */
	};
	rootObject = 6CFF4CCD2EF3F4DF00C60364 /* Project object */;
}
