// !$*UTF8*$!
{
	archiveVersion = 1;
	classes = {
	};
	objectVersion = 50;
	objects = {

/* Begin PBXBuildFile section */
		D09AB21B22521A60005B4411 /* AppDelegate.swift in Sources */ = {isa = PBXBuildFile; fileRef = D09AB21A22521A60005B4411 /* AppDelegate.swift */; };
		D09AB21D22521A60005B4411 /* ViewController.swift in Sources */ = {isa = PBXBuildFile; fileRef = D09AB21C22521A60005B4411 /* ViewController.swift */; };
		D09AB22022521A60005B4411 /* Main.storyboard in Resources */ = {isa = PBXBuildFile; fileRef = D09AB21E22521A60005B4411 /* Main.storyboard */; };
		D09AB22222521A61005B4411 /* Assets.xcassets in Resources */ = {isa = PBXBuildFile; fileRef = D09AB22122521A61005B4411 /* Assets.xcassets */; };
		D09AB22522521A61005B4411 /* LaunchScreen.storyboard in Resources */ = {isa = PBXBuildFile; fileRef = D09AB22322521A61005B4411 /* LaunchScreen.storyboard */; };
		D09AB22D22521A97005B4411 /* BiometricIDAuth.swift in Sources */ = {isa = PBXBuildFile; fileRef = D09AB22C22521A97005B4411 /* BiometricIDAuth.swift */; };
		D09AB23122530A32005B4411 /* AuthViewController.swift in Sources */ = {isa = PBXBuildFile; fileRef = D09AB23022530A32005B4411 /* AuthViewController.swift */; };
/* End PBXBuildFile section */

/* Begin PBXFileReference section */
		D09AB21722521A60005B4411 /* BiometricIDAuthTest.app */ = {isa = PBXFileReference; explicitFileType = wrapper.application; includeInIndex = 0; path = BiometricIDAuthTest.app; sourceTree = BUILT_PRODUCTS_DIR; };
		D09AB21A22521A60005B4411 /* AppDelegate.swift */ = {isa = PBXFileReference; lastKnownFileType = sourcecode.swift; path = AppDelegate.swift; sourceTree = "<group>"; };
		D09AB21C22521A60005B4411 /* ViewController.swift */ = {isa = PBXFileReference; lastKnownFileType = sourcecode.swift; path = ViewController.swift; sourceTree = "<group>"; };
		D09AB21F22521A60005B4411 /* Base */ = {isa = PBXFileReference; lastKnownFileType = file.storyboard; name = Base; path = Base.lproj/Main.storyboard; sourceTree = "<group>"; };
		D09AB22122521A61005B4411 /* Assets.xcassets */ = {isa = PBXFileReference; lastKnownFileType = folder.assetcatalog; path = Assets.xcassets; sourceTree = "<group>"; };
		D09AB22422521A61005B4411 /* Base */ = {isa = PBXFileReference; lastKnownFileType = file.storyboard; name = Base; path = Base.lproj/LaunchScreen.storyboard; sourceTree = "<group>"; };
		D09AB22622521A61005B4411 /* Info.plist */ = {isa = PBXFileReference; lastKnownFileType = text.plist.xml; path = Info.plist; sourceTree = "<group>"; };
		D09AB22C22521A97005B4411 /* BiometricIDAuth.swift */ = {isa = PBXFileReference; lastKnownFileType = sourcecode.swift; path = BiometricIDAuth.swift; sourceTree = "<group>"; };
		D09AB23022530A32005B4411 /* AuthViewController.swift */ = {isa = PBXFileReference; lastKnownFileType = sourcecode.swift; path = AuthViewController.swift; sourceTree = "<group>"; };
/* End PBXFileReference section */

/* Begin PBXFrameworksBuildPhase section */
		D09AB21422521A60005B4411 /* Frameworks */ = {
			isa = PBXFrameworksBuildPhase;
			buildActionMask = 2147483647;
			files = (
			);
			runOnlyForDeploymentPostprocessing = 0;
		};
/* End PBXFrameworksBuildPhase section */

/* Begin PBXGroup section */
		D09AB20E22521A60005B4411 = {
			isa = PBXGroup;
			children = (
				D09AB21922521A60005B4411 /* BiometricIDAuthTest */,
				D09AB21822521A60005B4411 /* Products */,
			);
			sourceTree = "<group>";
		};
		D09AB21822521A60005B4411 /* Products */ = {
			isa = PBXGroup;
			children = (
				D09AB21722521A60005B4411 /* BiometricIDAuthTest.app */,
			);
			name = Products;
			sourceTree = "<group>";
		};
		D09AB21922521A60005B4411 /* BiometricIDAuthTest */ = {
			isa = PBXGroup;
			children = (
				D09AB21A22521A60005B4411 /* AppDelegate.swift */,
				D09AB21C22521A60005B4411 /* ViewController.swift */,
				D09AB23022530A32005B4411 /* AuthViewController.swift */,
				D09AB21E22521A60005B4411 /* Main.storyboard */,
				D09AB22122521A61005B4411 /* Assets.xcassets */,
				D09AB22322521A61005B4411 /* LaunchScreen.storyboard */,
				D09AB22622521A61005B4411 /* Info.plist */,
				D09AB22C22521A97005B4411 /* BiometricIDAuth.swift */,
			);
			path = BiometricIDAuthTest;
			sourceTree = "<group>";
		};
/* End PBXGroup section */

/* Begin PBXNativeTarget section */
		D09AB21622521A60005B4411 /* BiometricIDAuthTest */ = {
			isa = PBXNativeTarget;
			buildConfigurationList = D09AB22922521A61005B4411 /* Build configuration list for PBXNativeTarget "BiometricIDAuthTest" */;
			buildPhases = (
				D09AB21322521A60005B4411 /* Sources */,
				D09AB21422521A60005B4411 /* Frameworks */,
				D09AB21522521A60005B4411 /* Resources */,
			);
			buildRules = (
			);
			dependencies = (
			);
			name = BiometricIDAuthTest;
			productName = BiometricIDAuthTest;
			productReference = D09AB21722521A60005B4411 /* BiometricIDAuthTest.app */;
			productType = "com.apple.product-type.application";
		};
/* End PBXNativeTarget section */

/* Begin PBXProject section */
		D09AB20F22521A60005B4411 /* Project object */ = {
			isa = PBXProject;
			attributes = {
				LastSwiftUpdateCheck = 1010;
				LastUpgradeCheck = 1010;
				ORGANIZATIONNAME = h2;
				TargetAttributes = {
					D09AB21622521A60005B4411 = {
						CreatedOnToolsVersion = 10.1;
					};
				};
			};
			buildConfigurationList = D09AB21222521A60005B4411 /* Build configuration list for PBXProject "BiometricIDAuthTest" */;
			compatibilityVersion = "Xcode 9.3";
			developmentRegion = en;
			hasScannedForEncodings = 0;
			knownRegions = (
				en,
				Base,
			);
			mainGroup = D09AB20E22521A60005B4411;
			productRefGroup = D09AB21822521A60005B4411 /* Products */;
			projectDirPath = "";
			projectRoot = "";
			targets = (
				D09AB21622521A60005B4411 /* BiometricIDAuthTest */,
			);
		};
/* End PBXProject section */

/* Begin PBXResourcesBuildPhase section */
		D09AB21522521A60005B4411 /* Resources */ = {
			isa = PBXResourcesBuildPhase;
			buildActionMask = 2147483647;
			files = (
				D09AB22522521A61005B4411 /* LaunchScreen.storyboard in Resources */,
				D09AB22222521A61005B4411 /* Assets.xcassets in Resources */,
				D09AB22022521A60005B4411 /* Main.storyboard in Resources */,
			);
			runOnlyForDeploymentPostprocessing = 0;
		};
/* End PBXResourcesBuildPhase section */

/* Begin PBXSourcesBuildPhase section */
		D09AB21322521A60005B4411 /* Sources */ = {
			isa = PBXSourcesBuildPhase;
			buildActionMask = 2147483647;
			files = (
				D09AB23122530A32005B4411 /* AuthViewController.swift in Sources */,
				D09AB21D22521A60005B4411 /* ViewController.swift in Sources */,
				D09AB21B22521A60005B4411 /* AppDelegate.swift in Sources */,
				D09AB22D22521A97005B4411 /* BiometricIDAuth.swift in Sources */,
			);
			runOnlyForDeploymentPostprocessing = 0;
		};
/* End PBXSourcesBuildPhase section */

/* Begin PBXVariantGroup section */
		D09AB21E22521A60005B4411 /* Main.storyboard */ = {
			isa = PBXVariantGroup;
			children = (
				D09AB21F22521A60005B4411 /* Base */,
			);
			name = Main.storyboard;
			sourceTree = "<group>";
		};
		D09AB22322521A61005B4411 /* LaunchScreen.storyboard */ = {
			isa = PBXVariantGroup;
			children = (
				D09AB22422521A61005B4411 /* Base */,
			);
			name = LaunchScreen.storyboard;
			sourceTree = "<group>";
		};
/* End PBXVariantGroup section */

/* Begin XCBuildConfiguration section */
		D09AB22722521A61005B4411 /* Debug */ = {
			isa = XCBuildConfiguration;
			buildSettings = {
				ALWAYS_SEARCH_USER_PATHS = NO;
				CLANG_ANALYZER_NONNULL = YES;
				CLANG_ANALYZER_NUMBER_OBJECT_CONVERSION = YES_AGGRESSIVE;
				CLANG_CXX_LANGUAGE_STANDARD = "gnu++14";
				CLANG_CXX_LIBRARY = "libc++";
				CLANG_ENABLE_MODULES = YES;
				CLANG_ENABLE_OBJC_ARC = YES;
				CLANG_ENABLE_OBJC_WEAK = YES;
				CLANG_WARN_BLOCK_CAPTURE_AUTORELEASING = YES;
				CLANG_WARN_BOOL_CONVERSION = YES;
				CLANG_WARN_COMMA = YES;
				CLANG_WARN_CONSTANT_CONVERSION = YES;
				CLANG_WARN_DEPRECATED_OBJC_IMPLEMENTATIONS = YES;
				CLANG_WARN_DIRECT_OBJC_ISA_USAGE = YES_ERROR;
				CLANG_WARN_DOCUMENTATION_COMMENTS = YES;
				CLANG_WARN_EMPTY_BODY = YES;
				CLANG_WARN_ENUM_CONVERSION = YES;
				CLANG_WARN_INFINITE_RECURSION = YES;
				CLANG_WARN_INT_CONVERSION = YES;
				CLANG_WARN_NON_LITERAL_NULL_CONVERSION = YES;
				CLANG_WARN_OBJC_IMPLICIT_RETAIN_SELF = YES;
				CLANG_WARN_OBJC_LITERAL_CONVERSION = YES;
				CLANG_WARN_OBJC_ROOT_CLASS = YES_ERROR;
				CLANG_WARN_RANGE_LOOP_ANALYSIS = YES;
				CLANG_WARN_STRICT_PROTOTYPES = YES;
				CLANG_WARN_SUSPICIOUS_MOVE = YES;
				CLANG_WARN_UNGUARDED_AVAILABILITY = YES_AGGRESSIVE;
				CLANG_WARN_UNREACHABLE_CODE = YES;
				CLANG_WARN__DUPLICATE_METHOD_MATCH = YES;
				CODE_SIGN_IDENTITY = "iPhone Developer";
				COPY_PHASE_STRIP = NO;
				DEBUG_INFORMATION_FORMAT = dwarf;
				ENABLE_STRICT_OBJC_MSGSEND = YES;
				ENABLE_TESTABILITY = YES;
				GCC_C_LANGUAGE_STANDARD = gnu11;
				GCC_DYNAMIC_NO_PIC = NO;
				GCC_NO_COMMON_BLOCKS = YES;
				GCC_OPTIMIZATION_LEVEL = 0;
				GCC_PREPROCESSOR_DEFINITIONS = (
					"DEBUG=1",
					"$(inherited)",
				);
				GCC_WARN_64_TO_32_BIT_CONVERSION = YES;
				GCC_WARN_ABOUT_RETURN_TYPE = YES_ERROR;
				GCC_WARN_UNDECLARED_SELECTOR = YES;
				GCC_WARN_UNINITIALIZED_AUTOS = YES_AGGRESSIVE;
				GCC_WARN_UNUSED_FUNCTION = YES;
				GCC_WARN_UNUSED_VARIABLE = YES;
				IPHONEOS_DEPLOYMENT_TARGET = 12.1;
				MTL_ENABLE_DEBUG_INFO = INCLUDE_SOURCE;
				MTL_FAST_MATH = YES;
				ONLY_ACTIVE_ARCH = YES;
				SDKROOT = iphoneos;
				SWIFT_ACTIVE_COMPILATION_CONDITIONS = DEBUG;
				SWIFT_OPTIMIZATION_LEVEL = "-Onone";
			};
			name = Debug;
		};
		D09AB22822521A61005B4411 /* Release */ = {
			isa = XCBuildConfiguration;
			buildSettings = {
				ALWAYS_SEARCH_USER_PATHS = NO;
				CLANG_ANALYZER_NONNULL = YES;
				CLANG_ANALYZER_NUMBER_OBJECT_CONVERSION = YES_AGGRESSIVE;
				CLANG_CXX_LANGUAGE_STANDARD = "gnu++14";
				CLANG_CXX_LIBRARY = "libc++";
				CLANG_ENABLE_MODULES = YES;
				CLANG_ENABLE_OBJC_ARC = YES;
				CLANG_ENABLE_OBJC_WEAK = YES;
				CLANG_WARN_BLOCK_CAPTURE_AUTORELEASING = YES;
				CLANG_WARN_BOOL_CONVERSION = YES;
				CLANG_WARN_COMMA = YES;
				CLANG_WARN_CONSTANT_CONVERSION = YES;
				CLANG_WARN_DEPRECATED_OBJC_IMPLEMENTATIONS = YES;
				CLANG_WARN_DIRECT_OBJC_ISA_USAGE = YES_ERROR;
				CLANG_WARN_DOCUMENTATION_COMMENTS = YES;
				CLANG_WARN_EMPTY_BODY = YES;
				CLANG_WARN_ENUM_CONVERSION = YES;
				CLANG_WARN_INFINITE_RECURSION = YES;
				CLANG_WARN_INT_CONVERSION = YES;
				CLANG_WARN_NON_LITERAL_NULL_CONVERSION = YES;
				CLANG_WARN_OBJC_IMPLICIT_RETAIN_SELF = YES;
				CLANG_WARN_OBJC_LITERAL_CONVERSION = YES;
				CLANG_WARN_OBJC_ROOT_CLASS = YES_ERROR;
				CLANG_WARN_RANGE_LOOP_ANALYSIS = YES;
				CLANG_WARN_STRICT_PROTOTYPES = YES;
				CLANG_WARN_SUSPICIOUS_MOVE = YES;
				CLANG_WARN_UNGUARDED_AVAILABILITY = YES_AGGRESSIVE;
				CLANG_WARN_UNREACHABLE_CODE = YES;
				CLANG_WARN__DUPLICATE_METHOD_MATCH = YES;
				CODE_SIGN_IDENTITY = "iPhone Developer";
				COPY_PHASE_STRIP = NO;
				DEBUG_INFORMATION_FORMAT = "dwarf-with-dsym";
				ENABLE_NS_ASSERTIONS = NO;
				ENABLE_STRICT_OBJC_MSGSEND = YES;
				GCC_C_LANGUAGE_STANDARD = gnu11;
				GCC_NO_COMMON_BLOCKS = YES;
				GCC_WARN_64_TO_32_BIT_CONVERSION = YES;
				GCC_WARN_ABOUT_RETURN_TYPE = YES_ERROR;
				GCC_WARN_UNDECLARED_SELECTOR = YES;
				GCC_WARN_UNINITIALIZED_AUTOS = YES_AGGRESSIVE;
				GCC_WARN_UNUSED_FUNCTION = YES;
				GCC_WARN_UNUSED_VARIABLE = YES;
				IPHONEOS_DEPLOYMENT_TARGET = 12.1;
				MTL_ENABLE_DEBUG_INFO = NO;
				MTL_FAST_MATH = YES;
				SDKROOT = iphoneos;
				SWIFT_COMPILATION_MODE = wholemodule;
				SWIFT_OPTIMIZATION_LEVEL = "-O";
				VALIDATE_PRODUCT = YES;
			};
			name = Release;
		};
		D09AB22A22521A61005B4411 /* Debug */ = {
			isa = XCBuildConfiguration;
			buildSettings = {
				ASSETCATALOG_COMPILER_APPICON_NAME = AppIcon;
				CODE_SIGN_STYLE = Automatic;
				DEVELOPMENT_TEAM = 9TNVAWA2VV;
				INFOPLIST_FILE = BiometricIDAuthTest/Info.plist;
				IPHONEOS_DEPLOYMENT_TARGET = 11.0;
				LD_RUNPATH_SEARCH_PATHS = (
					"$(inherited)",
					"@executable_path/Frameworks",
				);
				PRODUCT_BUNDLE_IDENTIFIER = com.health2pass.BiometricIDAuthTest;
				PRODUCT_NAME = "$(TARGET_NAME)";
				SWIFT_VERSION = 4.2;
				TARGETED_DEVICE_FAMILY = "1,2";
			};
			name = Debug;
		};
		D09AB22B22521A61005B4411 /* Release */ = {
			isa = XCBuildConfiguration;
			buildSettings = {
				ASSETCATALOG_COMPILER_APPICON_NAME = AppIcon;
				CODE_SIGN_STYLE = Automatic;
				DEVELOPMENT_TEAM = 9TNVAWA2VV;
				INFOPLIST_FILE = BiometricIDAuthTest/Info.plist;
				IPHONEOS_DEPLOYMENT_TARGET = 11.0;
				LD_RUNPATH_SEARCH_PATHS = (
					"$(inherited)",
					"@executable_path/Frameworks",
				);
				PRODUCT_BUNDLE_IDENTIFIER = com.health2pass.BiometricIDAuthTest;
				PRODUCT_NAME = "$(TARGET_NAME)";
				SWIFT_VERSION = 4.2;
				TARGETED_DEVICE_FAMILY = "1,2";
			};
			name = Release;
		};
/* End XCBuildConfiguration section */

/* Begin XCConfigurationList section */
		D09AB21222521A60005B4411 /* Build configuration list for PBXProject "BiometricIDAuthTest" */ = {
			isa = XCConfigurationList;
			buildConfigurations = (
				D09AB22722521A61005B4411 /* Debug */,
				D09AB22822521A61005B4411 /* Release */,
			);
			defaultConfigurationIsVisible = 0;
			defaultConfigurationName = Release;
		};
		D09AB22922521A61005B4411 /* Build configuration list for PBXNativeTarget "BiometricIDAuthTest" */ = {
			isa = XCConfigurationList;
			buildConfigurations = (
				D09AB22A22521A61005B4411 /* Debug */,
				D09AB22B22521A61005B4411 /* Release */,
			);
			defaultConfigurationIsVisible = 0;
			defaultConfigurationName = Release;
		};
/* End XCConfigurationList section */
	};
	rootObject = D09AB20F22521A60005B4411 /* Project object */;
}
