// !$*UTF8*$!
{
	archiveVersion = 1;
	classes = {
	};
	objectVersion = 50;
	objects = {

/* Begin PBXBuildFile section */
		6C4F703D26316D2A00BA62D4 /* CGMChartViewController.swift in Sources */ = {isa = PBXBuildFile; fileRef = 6C4F703C26316D2A00BA62D4 /* CGMChartViewController.swift */; };
		6C793B8F255404C6002D607B /* BarChartView.swift in Sources */ = {isa = PBXBuildFile; fileRef = 6C793B8E255404C6002D607B /* BarChartView.swift */; };
		6C793B922554053B002D607B /* UIColor+Extension.swift in Sources */ = {isa = PBXBuildFile; fileRef = 6C793B912554053B002D607B /* UIColor+Extension.swift */; };
		6C793BA5255520A8002D607B /* ScatterBarChartView.swift in Sources */ = {isa = PBXBuildFile; fileRef = 6C793BA4255520A8002D607B /* ScatterBarChartView.swift */; };
		6C9C859B254827260098CFE8 /* ListViewController.swift in Sources */ = {isa = PBXBuildFile; fileRef = 6C9C859A254827260098CFE8 /* ListViewController.swift */; };
		6C9C85A0254831170098CFE8 /* GraphViewController.swift in Sources */ = {isa = PBXBuildFile; fileRef = 6C9C859F254831160098CFE8 /* GraphViewController.swift */; };
		6C9C8683254ABACF0098CFE8 /* ScatterTableViewCell.swift in Sources */ = {isa = PBXBuildFile; fileRef = 6C9C8682254ABACF0098CFE8 /* ScatterTableViewCell.swift */; };
		6C9C8686254ABBBC0098CFE8 /* UITableView+Extension.swift in Sources */ = {isa = PBXBuildFile; fileRef = 6C9C8685254ABBBC0098CFE8 /* UITableView+Extension.swift */; };
		6C9C873D254C071C0098CFE8 /* String+Extension.swift in Sources */ = {isa = PBXBuildFile; fileRef = 6C9C873C254C071C0098CFE8 /* String+Extension.swift */; };
		6C9C8740254C13B90098CFE8 /* ScatterChartView.swift in Sources */ = {isa = PBXBuildFile; fileRef = 6C9C873F254C13B90098CFE8 /* ScatterChartView.swift */; };
		D09CB51B2269D62200C62350 /* AppDelegate.swift in Sources */ = {isa = PBXBuildFile; fileRef = D09CB51A2269D62200C62350 /* AppDelegate.swift */; };
		D09CB51D2269D62200C62350 /* ViewController.swift in Sources */ = {isa = PBXBuildFile; fileRef = D09CB51C2269D62200C62350 /* ViewController.swift */; };
		D09CB5202269D62200C62350 /* Main.storyboard in Resources */ = {isa = PBXBuildFile; fileRef = D09CB51E2269D62200C62350 /* Main.storyboard */; };
		D09CB5222269D62400C62350 /* Assets.xcassets in Resources */ = {isa = PBXBuildFile; fileRef = D09CB5212269D62400C62350 /* Assets.xcassets */; };
		D09CB5252269D62400C62350 /* LaunchScreen.storyboard in Resources */ = {isa = PBXBuildFile; fileRef = D09CB5232269D62400C62350 /* LaunchScreen.storyboard */; };
		D09CB52F2269D82D00C62350 /* CorePlot.framework in Frameworks */ = {isa = PBXBuildFile; fileRef = D09CB52E2269D82D00C62350 /* CorePlot.framework */; };
		D0B9ACA022D8982600E80DA4 /* TestViewController.swift in Sources */ = {isa = PBXBuildFile; fileRef = D0B9AC9F22D8982600E80DA4 /* TestViewController.swift */; };
		D0DC8D2D268C054500CD83EE /* ScaleScatterChartView.swift in Sources */ = {isa = PBXBuildFile; fileRef = D0DC8D2C268C054500CD83EE /* ScaleScatterChartView.swift */; };
		D0DC8D2F268D5D4D00CD83EE /* CorePlot+Extension.swift in Sources */ = {isa = PBXBuildFile; fileRef = D0DC8D2E268D5D4D00CD83EE /* CorePlot+Extension.swift */; };
/* End PBXBuildFile section */

/* Begin PBXFileReference section */
		6C4F703C26316D2A00BA62D4 /* CGMChartViewController.swift */ = {isa = PBXFileReference; lastKnownFileType = sourcecode.swift; path = CGMChartViewController.swift; sourceTree = "<group>"; };
		6C793B8E255404C6002D607B /* BarChartView.swift */ = {isa = PBXFileReference; lastKnownFileType = sourcecode.swift; path = BarChartView.swift; sourceTree = "<group>"; };
		6C793B912554053B002D607B /* UIColor+Extension.swift */ = {isa = PBXFileReference; lastKnownFileType = sourcecode.swift; path = "UIColor+Extension.swift"; sourceTree = "<group>"; };
		6C793BA4255520A8002D607B /* ScatterBarChartView.swift */ = {isa = PBXFileReference; lastKnownFileType = sourcecode.swift; path = ScatterBarChartView.swift; sourceTree = "<group>"; };
		6C9C859A254827260098CFE8 /* ListViewController.swift */ = {isa = PBXFileReference; lastKnownFileType = sourcecode.swift; path = ListViewController.swift; sourceTree = "<group>"; };
		6C9C859F254831160098CFE8 /* GraphViewController.swift */ = {isa = PBXFileReference; lastKnownFileType = sourcecode.swift; path = GraphViewController.swift; sourceTree = "<group>"; };
		6C9C8682254ABACF0098CFE8 /* ScatterTableViewCell.swift */ = {isa = PBXFileReference; lastKnownFileType = sourcecode.swift; path = ScatterTableViewCell.swift; sourceTree = "<group>"; };
		6C9C8685254ABBBC0098CFE8 /* UITableView+Extension.swift */ = {isa = PBXFileReference; lastKnownFileType = sourcecode.swift; path = "UITableView+Extension.swift"; sourceTree = "<group>"; };
		6C9C873C254C071C0098CFE8 /* String+Extension.swift */ = {isa = PBXFileReference; lastKnownFileType = sourcecode.swift; path = "String+Extension.swift"; sourceTree = "<group>"; };
		6C9C873F254C13B90098CFE8 /* ScatterChartView.swift */ = {isa = PBXFileReference; lastKnownFileType = sourcecode.swift; path = ScatterChartView.swift; sourceTree = "<group>"; };
		D09CB5172269D62200C62350 /* corePlotTest.app */ = {isa = PBXFileReference; explicitFileType = wrapper.application; includeInIndex = 0; path = corePlotTest.app; sourceTree = BUILT_PRODUCTS_DIR; };
		D09CB51A2269D62200C62350 /* AppDelegate.swift */ = {isa = PBXFileReference; lastKnownFileType = sourcecode.swift; path = AppDelegate.swift; sourceTree = "<group>"; };
		D09CB51C2269D62200C62350 /* ViewController.swift */ = {isa = PBXFileReference; lastKnownFileType = sourcecode.swift; path = ViewController.swift; sourceTree = "<group>"; };
		D09CB51F2269D62200C62350 /* Base */ = {isa = PBXFileReference; lastKnownFileType = file.storyboard; name = Base; path = Base.lproj/Main.storyboard; sourceTree = "<group>"; };
		D09CB5212269D62400C62350 /* Assets.xcassets */ = {isa = PBXFileReference; lastKnownFileType = folder.assetcatalog; path = Assets.xcassets; sourceTree = "<group>"; };
		D09CB5242269D62400C62350 /* Base */ = {isa = PBXFileReference; lastKnownFileType = file.storyboard; name = Base; path = Base.lproj/LaunchScreen.storyboard; sourceTree = "<group>"; };
		D09CB5262269D62400C62350 /* Info.plist */ = {isa = PBXFileReference; lastKnownFileType = text.plist.xml; path = Info.plist; sourceTree = "<group>"; };
		D09CB52E2269D82D00C62350 /* CorePlot.framework */ = {isa = PBXFileReference; lastKnownFileType = wrapper.framework; name = CorePlot.framework; path = Carthage/Build/iOS/CorePlot.framework; sourceTree = "<group>"; };
		D0B9AC9F22D8982600E80DA4 /* TestViewController.swift */ = {isa = PBXFileReference; lastKnownFileType = sourcecode.swift; path = TestViewController.swift; sourceTree = "<group>"; };
		D0DC8D2C268C054500CD83EE /* ScaleScatterChartView.swift */ = {isa = PBXFileReference; lastKnownFileType = sourcecode.swift; path = ScaleScatterChartView.swift; sourceTree = "<group>"; };
		D0DC8D2E268D5D4D00CD83EE /* CorePlot+Extension.swift */ = {isa = PBXFileReference; lastKnownFileType = sourcecode.swift; path = "CorePlot+Extension.swift"; sourceTree = "<group>"; };
/* End PBXFileReference section */

/* Begin PBXFrameworksBuildPhase section */
		D09CB5142269D62200C62350 /* Frameworks */ = {
			isa = PBXFrameworksBuildPhase;
			buildActionMask = 2147483647;
			files = (
				D09CB52F2269D82D00C62350 /* CorePlot.framework in Frameworks */,
			);
			runOnlyForDeploymentPostprocessing = 0;
		};
/* End PBXFrameworksBuildPhase section */

/* Begin PBXGroup section */
		6C9C8688254ABBD00098CFE8 /* Extension */ = {
			isa = PBXGroup;
			children = (
				6C9C8685254ABBBC0098CFE8 /* UITableView+Extension.swift */,
				6C9C873C254C071C0098CFE8 /* String+Extension.swift */,
				6C793B912554053B002D607B /* UIColor+Extension.swift */,
				D0DC8D2E268D5D4D00CD83EE /* CorePlot+Extension.swift */,
			);
			path = Extension;
			sourceTree = "<group>";
		};
		D09CB50E2269D62200C62350 = {
			isa = PBXGroup;
			children = (
				D09CB5192269D62200C62350 /* corePlotTest */,
				D09CB5182269D62200C62350 /* Products */,
				D09CB52D2269D82C00C62350 /* Frameworks */,
			);
			sourceTree = "<group>";
		};
		D09CB5182269D62200C62350 /* Products */ = {
			isa = PBXGroup;
			children = (
				D09CB5172269D62200C62350 /* corePlotTest.app */,
			);
			name = Products;
			sourceTree = "<group>";
		};
		D09CB5192269D62200C62350 /* corePlotTest */ = {
			isa = PBXGroup;
			children = (
				6C9C8688254ABBD00098CFE8 /* Extension */,
				D09CB51A2269D62200C62350 /* AppDelegate.swift */,
				D0B9AC9F22D8982600E80DA4 /* TestViewController.swift */,
				6C9C859A254827260098CFE8 /* ListViewController.swift */,
				6C9C859F254831160098CFE8 /* GraphViewController.swift */,
				6C9C8682254ABACF0098CFE8 /* ScatterTableViewCell.swift */,
				D09CB51C2269D62200C62350 /* ViewController.swift */,
				6C4F703C26316D2A00BA62D4 /* CGMChartViewController.swift */,
				D0DC8D2C268C054500CD83EE /* ScaleScatterChartView.swift */,
				6C9C873F254C13B90098CFE8 /* ScatterChartView.swift */,
				6C793BA4255520A8002D607B /* ScatterBarChartView.swift */,
				6C793B8E255404C6002D607B /* BarChartView.swift */,
				D09CB51E2269D62200C62350 /* Main.storyboard */,
				D09CB5212269D62400C62350 /* Assets.xcassets */,
				D09CB5232269D62400C62350 /* LaunchScreen.storyboard */,
				D09CB5262269D62400C62350 /* Info.plist */,
			);
			path = corePlotTest;
			sourceTree = "<group>";
		};
		D09CB52D2269D82C00C62350 /* Frameworks */ = {
			isa = PBXGroup;
			children = (
				D09CB52E2269D82D00C62350 /* CorePlot.framework */,
			);
			name = Frameworks;
			sourceTree = "<group>";
		};
/* End PBXGroup section */

/* Begin PBXNativeTarget section */
		D09CB5162269D62200C62350 /* corePlotTest */ = {
			isa = PBXNativeTarget;
			buildConfigurationList = D09CB5292269D62400C62350 /* Build configuration list for PBXNativeTarget "corePlotTest" */;
			buildPhases = (
				D09CB5132269D62200C62350 /* Sources */,
				D09CB5142269D62200C62350 /* Frameworks */,
				D09CB5152269D62200C62350 /* Resources */,
				D09CB52C2269D79F00C62350 /* Carthage - Copy Frameworks */,
			);
			buildRules = (
			);
			dependencies = (
			);
			name = corePlotTest;
			productName = corePlotTest;
			productReference = D09CB5172269D62200C62350 /* corePlotTest.app */;
			productType = "com.apple.product-type.application";
		};
/* End PBXNativeTarget section */

/* Begin PBXProject section */
		D09CB50F2269D62200C62350 /* Project object */ = {
			isa = PBXProject;
			attributes = {
				LastSwiftUpdateCheck = 1010;
				LastUpgradeCheck = 1010;
				ORGANIZATIONNAME = h2;
				TargetAttributes = {
					D09CB5162269D62200C62350 = {
						CreatedOnToolsVersion = 10.1;
						LastSwiftMigration = 1020;
					};
				};
			};
			buildConfigurationList = D09CB5122269D62200C62350 /* Build configuration list for PBXProject "corePlotTest" */;
			compatibilityVersion = "Xcode 9.3";
			developmentRegion = en;
			hasScannedForEncodings = 0;
			knownRegions = (
				en,
				Base,
			);
			mainGroup = D09CB50E2269D62200C62350;
			productRefGroup = D09CB5182269D62200C62350 /* Products */;
			projectDirPath = "";
			projectRoot = "";
			targets = (
				D09CB5162269D62200C62350 /* corePlotTest */,
			);
		};
/* End PBXProject section */

/* Begin PBXResourcesBuildPhase section */
		D09CB5152269D62200C62350 /* Resources */ = {
			isa = PBXResourcesBuildPhase;
			buildActionMask = 2147483647;
			files = (
				D09CB5252269D62400C62350 /* LaunchScreen.storyboard in Resources */,
				D09CB5222269D62400C62350 /* Assets.xcassets in Resources */,
				D09CB5202269D62200C62350 /* Main.storyboard in Resources */,
			);
			runOnlyForDeploymentPostprocessing = 0;
		};
/* End PBXResourcesBuildPhase section */

/* Begin PBXShellScriptBuildPhase section */
		D09CB52C2269D79F00C62350 /* Carthage - Copy Frameworks */ = {
			isa = PBXShellScriptBuildPhase;
			buildActionMask = 2147483647;
			files = (
			);
			inputFileListPaths = (
			);
			inputPaths = (
				"$(SRCROOT)/Carthage/Build/iOS/CorePlot.framework",
			);
			name = "Carthage - Copy Frameworks";
			outputFileListPaths = (
			);
			outputPaths = (
				"$(BUILT_PRODUCTS_DIR)/$(FRAMEWORKS_FOLDER_PATH)/CorePlot.framework",
			);
			runOnlyForDeploymentPostprocessing = 0;
			shellPath = /bin/sh;
			shellScript = "/usr/local/bin/carthage copy-frameworks\n";
		};
/* End PBXShellScriptBuildPhase section */

/* Begin PBXSourcesBuildPhase section */
		D09CB5132269D62200C62350 /* Sources */ = {
			isa = PBXSourcesBuildPhase;
			buildActionMask = 2147483647;
			files = (
				6C9C873D254C071C0098CFE8 /* String+Extension.swift in Sources */,
				D09CB51D2269D62200C62350 /* ViewController.swift in Sources */,
				6C9C8683254ABACF0098CFE8 /* ScatterTableViewCell.swift in Sources */,
				D0DC8D2F268D5D4D00CD83EE /* CorePlot+Extension.swift in Sources */,
				6C4F703D26316D2A00BA62D4 /* CGMChartViewController.swift in Sources */,
				6C793B922554053B002D607B /* UIColor+Extension.swift in Sources */,
				6C793BA5255520A8002D607B /* ScatterBarChartView.swift in Sources */,
				6C9C8686254ABBBC0098CFE8 /* UITableView+Extension.swift in Sources */,
				6C9C85A0254831170098CFE8 /* GraphViewController.swift in Sources */,
				D0B9ACA022D8982600E80DA4 /* TestViewController.swift in Sources */,
				6C9C859B254827260098CFE8 /* ListViewController.swift in Sources */,
				6C793B8F255404C6002D607B /* BarChartView.swift in Sources */,
				D0DC8D2D268C054500CD83EE /* ScaleScatterChartView.swift in Sources */,
				6C9C8740254C13B90098CFE8 /* ScatterChartView.swift in Sources */,
				D09CB51B2269D62200C62350 /* AppDelegate.swift in Sources */,
			);
			runOnlyForDeploymentPostprocessing = 0;
		};
/* End PBXSourcesBuildPhase section */

/* Begin PBXVariantGroup section */
		D09CB51E2269D62200C62350 /* Main.storyboard */ = {
			isa = PBXVariantGroup;
			children = (
				D09CB51F2269D62200C62350 /* Base */,
			);
			name = Main.storyboard;
			sourceTree = "<group>";
		};
		D09CB5232269D62400C62350 /* LaunchScreen.storyboard */ = {
			isa = PBXVariantGroup;
			children = (
				D09CB5242269D62400C62350 /* Base */,
			);
			name = LaunchScreen.storyboard;
			sourceTree = "<group>";
		};
/* End PBXVariantGroup section */

/* Begin XCBuildConfiguration section */
		D09CB5272269D62400C62350 /* Debug */ = {
			isa = XCBuildConfiguration;
			buildSettings = {
				ALWAYS_SEARCH_USER_PATHS = NO;
				CLANG_ANALYZER_NONNULL = YES;
				CLANG_ANALYZER_NUMBER_OBJECT_CONVERSION = YES_AGGRESSIVE;
				CLANG_CXX_LANGUAGE_STANDARD = "gnu++14";
				CLANG_CXX_LIBRARY = "libc++";
				CLANG_ENABLE_MODULES = YES;
				CLANG_ENABLE_OBJC_ARC = YES;
				CLANG_ENABLE_OBJC_WEAK = YES;
				CLANG_WARN_BLOCK_CAPTURE_AUTORELEASING = YES;
				CLANG_WARN_BOOL_CONVERSION = YES;
				CLANG_WARN_COMMA = YES;
				CLANG_WARN_CONSTANT_CONVERSION = YES;
				CLANG_WARN_DEPRECATED_OBJC_IMPLEMENTATIONS = YES;
				CLANG_WARN_DIRECT_OBJC_ISA_USAGE = YES_ERROR;
				CLANG_WARN_DOCUMENTATION_COMMENTS = YES;
				CLANG_WARN_EMPTY_BODY = YES;
				CLANG_WARN_ENUM_CONVERSION = YES;
				CLANG_WARN_INFINITE_RECURSION = YES;
				CLANG_WARN_INT_CONVERSION = YES;
				CLANG_WARN_NON_LITERAL_NULL_CONVERSION = YES;
				CLANG_WARN_OBJC_IMPLICIT_RETAIN_SELF = YES;
				CLANG_WARN_OBJC_LITERAL_CONVERSION = YES;
				CLANG_WARN_OBJC_ROOT_CLASS = YES_ERROR;
				CLANG_WARN_RANGE_LOOP_ANALYSIS = YES;
				CLANG_WARN_STRICT_PROTOTYPES = YES;
				CLANG_WARN_SUSPICIOUS_MOVE = YES;
				CLANG_WARN_UNGUARDED_AVAILABILITY = YES_AGGRESSIVE;
				CLANG_WARN_UNREACHABLE_CODE = YES;
				CLANG_WARN__DUPLICATE_METHOD_MATCH = YES;
				CODE_SIGN_IDENTITY = "iPhone Developer";
				COPY_PHASE_STRIP = NO;
				DEBUG_INFORMATION_FORMAT = dwarf;
				ENABLE_STRICT_OBJC_MSGSEND = YES;
				ENABLE_TESTABILITY = YES;
				GCC_C_LANGUAGE_STANDARD = gnu11;
				GCC_DYNAMIC_NO_PIC = NO;
				GCC_NO_COMMON_BLOCKS = YES;
				GCC_OPTIMIZATION_LEVEL = 0;
				GCC_PREPROCESSOR_DEFINITIONS = (
					"DEBUG=1",
					"$(inherited)",
				);
				GCC_WARN_64_TO_32_BIT_CONVERSION = YES;
				GCC_WARN_ABOUT_RETURN_TYPE = YES_ERROR;
				GCC_WARN_UNDECLARED_SELECTOR = YES;
				GCC_WARN_UNINITIALIZED_AUTOS = YES_AGGRESSIVE;
				GCC_WARN_UNUSED_FUNCTION = YES;
				GCC_WARN_UNUSED_VARIABLE = YES;
				IPHONEOS_DEPLOYMENT_TARGET = 12.1;
				MTL_ENABLE_DEBUG_INFO = INCLUDE_SOURCE;
				MTL_FAST_MATH = YES;
				ONLY_ACTIVE_ARCH = YES;
				SDKROOT = iphoneos;
				SWIFT_ACTIVE_COMPILATION_CONDITIONS = DEBUG;
				SWIFT_OPTIMIZATION_LEVEL = "-Onone";
			};
			name = Debug;
		};
		D09CB5282269D62400C62350 /* Release */ = {
			isa = XCBuildConfiguration;
			buildSettings = {
				ALWAYS_SEARCH_USER_PATHS = NO;
				CLANG_ANALYZER_NONNULL = YES;
				CLANG_ANALYZER_NUMBER_OBJECT_CONVERSION = YES_AGGRESSIVE;
				CLANG_CXX_LANGUAGE_STANDARD = "gnu++14";
				CLANG_CXX_LIBRARY = "libc++";
				CLANG_ENABLE_MODULES = YES;
				CLANG_ENABLE_OBJC_ARC = YES;
				CLANG_ENABLE_OBJC_WEAK = YES;
				CLANG_WARN_BLOCK_CAPTURE_AUTORELEASING = YES;
				CLANG_WARN_BOOL_CONVERSION = YES;
				CLANG_WARN_COMMA = YES;
				CLANG_WARN_CONSTANT_CONVERSION = YES;
				CLANG_WARN_DEPRECATED_OBJC_IMPLEMENTATIONS = YES;
				CLANG_WARN_DIRECT_OBJC_ISA_USAGE = YES_ERROR;
				CLANG_WARN_DOCUMENTATION_COMMENTS = YES;
				CLANG_WARN_EMPTY_BODY = YES;
				CLANG_WARN_ENUM_CONVERSION = YES;
				CLANG_WARN_INFINITE_RECURSION = YES;
				CLANG_WARN_INT_CONVERSION = YES;
				CLANG_WARN_NON_LITERAL_NULL_CONVERSION = YES;
				CLANG_WARN_OBJC_IMPLICIT_RETAIN_SELF = YES;
				CLANG_WARN_OBJC_LITERAL_CONVERSION = YES;
				CLANG_WARN_OBJC_ROOT_CLASS = YES_ERROR;
				CLANG_WARN_RANGE_LOOP_ANALYSIS = YES;
				CLANG_WARN_STRICT_PROTOTYPES = YES;
				CLANG_WARN_SUSPICIOUS_MOVE = YES;
				CLANG_WARN_UNGUARDED_AVAILABILITY = YES_AGGRESSIVE;
				CLANG_WARN_UNREACHABLE_CODE = YES;
				CLANG_WARN__DUPLICATE_METHOD_MATCH = YES;
				CODE_SIGN_IDENTITY = "iPhone Developer";
				COPY_PHASE_STRIP = NO;
				DEBUG_INFORMATION_FORMAT = "dwarf-with-dsym";
				ENABLE_NS_ASSERTIONS = NO;
				ENABLE_STRICT_OBJC_MSGSEND = YES;
				GCC_C_LANGUAGE_STANDARD = gnu11;
				GCC_NO_COMMON_BLOCKS = YES;
				GCC_WARN_64_TO_32_BIT_CONVERSION = YES;
				GCC_WARN_ABOUT_RETURN_TYPE = YES_ERROR;
				GCC_WARN_UNDECLARED_SELECTOR = YES;
				GCC_WARN_UNINITIALIZED_AUTOS = YES_AGGRESSIVE;
				GCC_WARN_UNUSED_FUNCTION = YES;
				GCC_WARN_UNUSED_VARIABLE = YES;
				IPHONEOS_DEPLOYMENT_TARGET = 12.1;
				MTL_ENABLE_DEBUG_INFO = NO;
				MTL_FAST_MATH = YES;
				SDKROOT = iphoneos;
				SWIFT_COMPILATION_MODE = wholemodule;
				SWIFT_OPTIMIZATION_LEVEL = "-O";
				VALIDATE_PRODUCT = YES;
			};
			name = Release;
		};
		D09CB52A2269D62400C62350 /* Debug */ = {
			isa = XCBuildConfiguration;
			buildSettings = {
				ASSETCATALOG_COMPILER_APPICON_NAME = AppIcon;
				CODE_SIGN_STYLE = Automatic;
				DEVELOPMENT_TEAM = 9TNVAWA2VV;
				FRAMEWORK_SEARCH_PATHS = (
					"$(inherited)",
					"$(PROJECT_DIR)/Carthage/Build/iOS",
				);
				INFOPLIST_FILE = corePlotTest/Info.plist;
				IPHONEOS_DEPLOYMENT_TARGET = 11.0;
				LD_RUNPATH_SEARCH_PATHS = (
					"$(inherited)",
					"@executable_path/Frameworks",
				);
				PRODUCT_BUNDLE_IDENTIFIER = com.health2pass.corePlotTest;
				PRODUCT_NAME = "$(TARGET_NAME)";
				SWIFT_VERSION = 5.0;
				TARGETED_DEVICE_FAMILY = "1,2";
			};
			name = Debug;
		};
		D09CB52B2269D62400C62350 /* Release */ = {
			isa = XCBuildConfiguration;
			buildSettings = {
				ASSETCATALOG_COMPILER_APPICON_NAME = AppIcon;
				CODE_SIGN_STYLE = Automatic;
				DEVELOPMENT_TEAM = 9TNVAWA2VV;
				FRAMEWORK_SEARCH_PATHS = (
					"$(inherited)",
					"$(PROJECT_DIR)/Carthage/Build/iOS",
				);
				INFOPLIST_FILE = corePlotTest/Info.plist;
				IPHONEOS_DEPLOYMENT_TARGET = 11.0;
				LD_RUNPATH_SEARCH_PATHS = (
					"$(inherited)",
					"@executable_path/Frameworks",
				);
				PRODUCT_BUNDLE_IDENTIFIER = com.health2pass.corePlotTest;
				PRODUCT_NAME = "$(TARGET_NAME)";
				SWIFT_VERSION = 5.0;
				TARGETED_DEVICE_FAMILY = "1,2";
			};
			name = Release;
		};
/* End XCBuildConfiguration section */

/* Begin XCConfigurationList section */
		D09CB5122269D62200C62350 /* Build configuration list for PBXProject "corePlotTest" */ = {
			isa = XCConfigurationList;
			buildConfigurations = (
				D09CB5272269D62400C62350 /* Debug */,
				D09CB5282269D62400C62350 /* Release */,
			);
			defaultConfigurationIsVisible = 0;
			defaultConfigurationName = Release;
		};
		D09CB5292269D62400C62350 /* Build configuration list for PBXNativeTarget "corePlotTest" */ = {
			isa = XCConfigurationList;
			buildConfigurations = (
				D09CB52A2269D62400C62350 /* Debug */,
				D09CB52B2269D62400C62350 /* Release */,
			);
			defaultConfigurationIsVisible = 0;
			defaultConfigurationName = Release;
		};
/* End XCConfigurationList section */
	};
	rootObject = D09CB50F2269D62200C62350 /* Project object */;
}
