// !$*UTF8*$!
{
	archiveVersion = 1;
	classes = {
	};
	objectVersion = 50;
	objects = {

/* Begin PBXBuildFile section */
		D0506A88240375B100FE0DDC /* AppDelegate.swift in Sources */ = {isa = PBXBuildFile; fileRef = D0506A87240375B100FE0DDC /* AppDelegate.swift */; };
		D0506A8A240375B100FE0DDC /* SceneDelegate.swift in Sources */ = {isa = PBXBuildFile; fileRef = D0506A89240375B100FE0DDC /* SceneDelegate.swift */; };
		D0506A8C240375B100FE0DDC /* ViewController.swift in Sources */ = {isa = PBXBuildFile; fileRef = D0506A8B240375B100FE0DDC /* ViewController.swift */; };
		D0506A8F240375B100FE0DDC /* Main.storyboard in Resources */ = {isa = PBXBuildFile; fileRef = D0506A8D240375B100FE0DDC /* Main.storyboard */; };
		D0506A91240375B200FE0DDC /* Assets.xcassets in Resources */ = {isa = PBXBuildFile; fileRef = D0506A90240375B200FE0DDC /* Assets.xcassets */; };
		D0506A94240375B200FE0DDC /* LaunchScreen.storyboard in Resources */ = {isa = PBXBuildFile; fileRef = D0506A92240375B200FE0DDC /* LaunchScreen.storyboard */; };
/* End PBXBuildFile section */

/* Begin PBXFileReference section */
		D0506A84240375B100FE0DDC /* SignInWithAppleTest.app */ = {isa = PBXFileReference; explicitFileType = wrapper.application; includeInIndex = 0; path = SignInWithAppleTest.app; sourceTree = BUILT_PRODUCTS_DIR; };
		D0506A87240375B100FE0DDC /* AppDelegate.swift */ = {isa = PBXFileReference; lastKnownFileType = sourcecode.swift; path = AppDelegate.swift; sourceTree = "<group>"; };
		D0506A89240375B100FE0DDC /* SceneDelegate.swift */ = {isa = PBXFileReference; lastKnownFileType = sourcecode.swift; path = SceneDelegate.swift; sourceTree = "<group>"; };
		D0506A8B240375B100FE0DDC /* ViewController.swift */ = {isa = PBXFileReference; lastKnownFileType = sourcecode.swift; path = ViewController.swift; sourceTree = "<group>"; };
		D0506A8E240375B100FE0DDC /* Base */ = {isa = PBXFileReference; lastKnownFileType = file.storyboard; name = Base; path = Base.lproj/Main.storyboard; sourceTree = "<group>"; };
		D0506A90240375B200FE0DDC /* Assets.xcassets */ = {isa = PBXFileReference; lastKnownFileType = folder.assetcatalog; path = Assets.xcassets; sourceTree = "<group>"; };
		D0506A93240375B200FE0DDC /* Base */ = {isa = PBXFileReference; lastKnownFileType = file.storyboard; name = Base; path = Base.lproj/LaunchScreen.storyboard; sourceTree = "<group>"; };
		D0506A95240375B200FE0DDC /* Info.plist */ = {isa = PBXFileReference; lastKnownFileType = text.plist.xml; path = Info.plist; sourceTree = "<group>"; };
		D0506A9B240379AC00FE0DDC /* SignInWithAppleTest.entitlements */ = {isa = PBXFileReference; lastKnownFileType = text.plist.entitlements; path = SignInWithAppleTest.entitlements; sourceTree = "<group>"; };
/* End PBXFileReference section */

/* Begin PBXFrameworksBuildPhase section */
		D0506A81240375B100FE0DDC /* Frameworks */ = {
			isa = PBXFrameworksBuildPhase;
			buildActionMask = 2147483647;
			files = (
			);
			runOnlyForDeploymentPostprocessing = 0;
		};
/* End PBXFrameworksBuildPhase section */

/* Begin PBXGroup section */
		D0506A7B240375B000FE0DDC = {
			isa = PBXGroup;
			children = (
				D0506A86240375B100FE0DDC /* SignInWithAppleTest */,
				D0506A85240375B100FE0DDC /* Products */,
			);
			sourceTree = "<group>";
		};
		D0506A85240375B100FE0DDC /* Products */ = {
			isa = PBXGroup;
			children = (
				D0506A84240375B100FE0DDC /* SignInWithAppleTest.app */,
			);
			name = Products;
			sourceTree = "<group>";
		};
		D0506A86240375B100FE0DDC /* SignInWithAppleTest */ = {
			isa = PBXGroup;
			children = (
				D0506A9B240379AC00FE0DDC /* SignInWithAppleTest.entitlements */,
				D0506A87240375B100FE0DDC /* AppDelegate.swift */,
				D0506A89240375B100FE0DDC /* SceneDelegate.swift */,
				D0506A8B240375B100FE0DDC /* ViewController.swift */,
				D0506A8D240375B100FE0DDC /* Main.storyboard */,
				D0506A90240375B200FE0DDC /* Assets.xcassets */,
				D0506A92240375B200FE0DDC /* LaunchScreen.storyboard */,
				D0506A95240375B200FE0DDC /* Info.plist */,
			);
			path = SignInWithAppleTest;
			sourceTree = "<group>";
		};
/* End PBXGroup section */

/* Begin PBXNativeTarget section */
		D0506A83240375B100FE0DDC /* SignInWithAppleTest */ = {
			isa = PBXNativeTarget;
			buildConfigurationList = D0506A98240375B200FE0DDC /* Build configuration list for PBXNativeTarget "SignInWithAppleTest" */;
			buildPhases = (
				D0506A80240375B100FE0DDC /* Sources */,
				D0506A81240375B100FE0DDC /* Frameworks */,
				D0506A82240375B100FE0DDC /* Resources */,
			);
			buildRules = (
			);
			dependencies = (
			);
			name = SignInWithAppleTest;
			productName = SignInWithAppleTest;
			productReference = D0506A84240375B100FE0DDC /* SignInWithAppleTest.app */;
			productType = "com.apple.product-type.application";
		};
/* End PBXNativeTarget section */

/* Begin PBXProject section */
		D0506A7C240375B000FE0DDC /* Project object */ = {
			isa = PBXProject;
			attributes = {
				LastSwiftUpdateCheck = 1130;
				LastUpgradeCheck = 1130;
				ORGANIZATIONNAME = jlai;
				TargetAttributes = {
					D0506A83240375B100FE0DDC = {
						CreatedOnToolsVersion = 11.3;
					};
				};
			};
			buildConfigurationList = D0506A7F240375B000FE0DDC /* Build configuration list for PBXProject "SignInWithAppleTest" */;
			compatibilityVersion = "Xcode 9.3";
			developmentRegion = en;
			hasScannedForEncodings = 0;
			knownRegions = (
				en,
				Base,
			);
			mainGroup = D0506A7B240375B000FE0DDC;
			productRefGroup = D0506A85240375B100FE0DDC /* Products */;
			projectDirPath = "";
			projectRoot = "";
			targets = (
				D0506A83240375B100FE0DDC /* SignInWithAppleTest */,
			);
		};
/* End PBXProject section */

/* Begin PBXResourcesBuildPhase section */
		D0506A82240375B100FE0DDC /* Resources */ = {
			isa = PBXResourcesBuildPhase;
			buildActionMask = 2147483647;
			files = (
				D0506A94240375B200FE0DDC /* LaunchScreen.storyboard in Resources */,
				D0506A91240375B200FE0DDC /* Assets.xcassets in Resources */,
				D0506A8F240375B100FE0DDC /* Main.storyboard in Resources */,
			);
			runOnlyForDeploymentPostprocessing = 0;
		};
/* End PBXResourcesBuildPhase section */

/* Begin PBXSourcesBuildPhase section */
		D0506A80240375B100FE0DDC /* Sources */ = {
			isa = PBXSourcesBuildPhase;
			buildActionMask = 2147483647;
			files = (
				D0506A8C240375B100FE0DDC /* ViewController.swift in Sources */,
				D0506A88240375B100FE0DDC /* AppDelegate.swift in Sources */,
				D0506A8A240375B100FE0DDC /* SceneDelegate.swift in Sources */,
			);
			runOnlyForDeploymentPostprocessing = 0;
		};
/* End PBXSourcesBuildPhase section */

/* Begin PBXVariantGroup section */
		D0506A8D240375B100FE0DDC /* Main.storyboard */ = {
			isa = PBXVariantGroup;
			children = (
				D0506A8E240375B100FE0DDC /* Base */,
			);
			name = Main.storyboard;
			sourceTree = "<group>";
		};
		D0506A92240375B200FE0DDC /* LaunchScreen.storyboard */ = {
			isa = PBXVariantGroup;
			children = (
				D0506A93240375B200FE0DDC /* Base */,
			);
			name = LaunchScreen.storyboard;
			sourceTree = "<group>";
		};
/* End PBXVariantGroup section */

/* Begin XCBuildConfiguration section */
		D0506A96240375B200FE0DDC /* Debug */ = {
			isa = XCBuildConfiguration;
			buildSettings = {
				ALWAYS_SEARCH_USER_PATHS = NO;
				CLANG_ANALYZER_NONNULL = YES;
				CLANG_ANALYZER_NUMBER_OBJECT_CONVERSION = YES_AGGRESSIVE;
				CLANG_CXX_LANGUAGE_STANDARD = "gnu++14";
				CLANG_CXX_LIBRARY = "libc++";
				CLANG_ENABLE_MODULES = YES;
				CLANG_ENABLE_OBJC_ARC = YES;
				CLANG_ENABLE_OBJC_WEAK = YES;
				CLANG_WARN_BLOCK_CAPTURE_AUTORELEASING = YES;
				CLANG_WARN_BOOL_CONVERSION = YES;
				CLANG_WARN_COMMA = YES;
				CLANG_WARN_CONSTANT_CONVERSION = YES;
				CLANG_WARN_DEPRECATED_OBJC_IMPLEMENTATIONS = YES;
				CLANG_WARN_DIRECT_OBJC_ISA_USAGE = YES_ERROR;
				CLANG_WARN_DOCUMENTATION_COMMENTS = YES;
				CLANG_WARN_EMPTY_BODY = YES;
				CLANG_WARN_ENUM_CONVERSION = YES;
				CLANG_WARN_INFINITE_RECURSION = YES;
				CLANG_WARN_INT_CONVERSION = YES;
				CLANG_WARN_NON_LITERAL_NULL_CONVERSION = YES;
				CLANG_WARN_OBJC_IMPLICIT_RETAIN_SELF = YES;
				CLANG_WARN_OBJC_LITERAL_CONVERSION = YES;
				CLANG_WARN_OBJC_ROOT_CLASS = YES_ERROR;
				CLANG_WARN_RANGE_LOOP_ANALYSIS = YES;
				CLANG_WARN_STRICT_PROTOTYPES = YES;
				CLANG_WARN_SUSPICIOUS_MOVE = YES;
				CLANG_WARN_UNGUARDED_AVAILABILITY = YES_AGGRESSIVE;
				CLANG_WARN_UNREACHABLE_CODE = YES;
				CLANG_WARN__DUPLICATE_METHOD_MATCH = YES;
				COPY_PHASE_STRIP = NO;
				DEBUG_INFORMATION_FORMAT = dwarf;
				ENABLE_STRICT_OBJC_MSGSEND = YES;
				ENABLE_TESTABILITY = YES;
				GCC_C_LANGUAGE_STANDARD = gnu11;
				GCC_DYNAMIC_NO_PIC = NO;
				GCC_NO_COMMON_BLOCKS = YES;
				GCC_OPTIMIZATION_LEVEL = 0;
				GCC_PREPROCESSOR_DEFINITIONS = (
					"DEBUG=1",
					"$(inherited)",
				);
				GCC_WARN_64_TO_32_BIT_CONVERSION = YES;
				GCC_WARN_ABOUT_RETURN_TYPE = YES_ERROR;
				GCC_WARN_UNDECLARED_SELECTOR = YES;
				GCC_WARN_UNINITIALIZED_AUTOS = YES_AGGRESSIVE;
				GCC_WARN_UNUSED_FUNCTION = YES;
				GCC_WARN_UNUSED_VARIABLE = YES;
				IPHONEOS_DEPLOYMENT_TARGET = 13.2;
				MTL_ENABLE_DEBUG_INFO = INCLUDE_SOURCE;
				MTL_FAST_MATH = YES;
				ONLY_ACTIVE_ARCH = YES;
				SDKROOT = iphoneos;
				SWIFT_ACTIVE_COMPILATION_CONDITIONS = DEBUG;
				SWIFT_OPTIMIZATION_LEVEL = "-Onone";
			};
			name = Debug;
		};
		D0506A97240375B200FE0DDC /* Release */ = {
			isa = XCBuildConfiguration;
			buildSettings = {
				ALWAYS_SEARCH_USER_PATHS = NO;
				CLANG_ANALYZER_NONNULL = YES;
				CLANG_ANALYZER_NUMBER_OBJECT_CONVERSION = YES_AGGRESSIVE;
				CLANG_CXX_LANGUAGE_STANDARD = "gnu++14";
				CLANG_CXX_LIBRARY = "libc++";
				CLANG_ENABLE_MODULES = YES;
				CLANG_ENABLE_OBJC_ARC = YES;
				CLANG_ENABLE_OBJC_WEAK = YES;
				CLANG_WARN_BLOCK_CAPTURE_AUTORELEASING = YES;
				CLANG_WARN_BOOL_CONVERSION = YES;
				CLANG_WARN_COMMA = YES;
				CLANG_WARN_CONSTANT_CONVERSION = YES;
				CLANG_WARN_DEPRECATED_OBJC_IMPLEMENTATIONS = YES;
				CLANG_WARN_DIRECT_OBJC_ISA_USAGE = YES_ERROR;
				CLANG_WARN_DOCUMENTATION_COMMENTS = YES;
				CLANG_WARN_EMPTY_BODY = YES;
				CLANG_WARN_ENUM_CONVERSION = YES;
				CLANG_WARN_INFINITE_RECURSION = YES;
				CLANG_WARN_INT_CONVERSION = YES;
				CLANG_WARN_NON_LITERAL_NULL_CONVERSION = YES;
				CLANG_WARN_OBJC_IMPLICIT_RETAIN_SELF = YES;
				CLANG_WARN_OBJC_LITERAL_CONVERSION = YES;
				CLANG_WARN_OBJC_ROOT_CLASS = YES_ERROR;
				CLANG_WARN_RANGE_LOOP_ANALYSIS = YES;
				CLANG_WARN_STRICT_PROTOTYPES = YES;
				CLANG_WARN_SUSPICIOUS_MOVE = YES;
				CLANG_WARN_UNGUARDED_AVAILABILITY = YES_AGGRESSIVE;
				CLANG_WARN_UNREACHABLE_CODE = YES;
				CLANG_WARN__DUPLICATE_METHOD_MATCH = YES;
				COPY_PHASE_STRIP = NO;
				DEBUG_INFORMATION_FORMAT = "dwarf-with-dsym";
				ENABLE_NS_ASSERTIONS = NO;
				ENABLE_STRICT_OBJC_MSGSEND = YES;
				GCC_C_LANGUAGE_STANDARD = gnu11;
				GCC_NO_COMMON_BLOCKS = YES;
				GCC_WARN_64_TO_32_BIT_CONVERSION = YES;
				GCC_WARN_ABOUT_RETURN_TYPE = YES_ERROR;
				GCC_WARN_UNDECLARED_SELECTOR = YES;
				GCC_WARN_UNINITIALIZED_AUTOS = YES_AGGRESSIVE;
				GCC_WARN_UNUSED_FUNCTION = YES;
				GCC_WARN_UNUSED_VARIABLE = YES;
				IPHONEOS_DEPLOYMENT_TARGET = 13.2;
				MTL_ENABLE_DEBUG_INFO = NO;
				MTL_FAST_MATH = YES;
				SDKROOT = iphoneos;
				SWIFT_COMPILATION_MODE = wholemodule;
				SWIFT_OPTIMIZATION_LEVEL = "-O";
				VALIDATE_PRODUCT = YES;
			};
			name = Release;
		};
		D0506A99240375B200FE0DDC /* Debug */ = {
			isa = XCBuildConfiguration;
			buildSettings = {
				ASSETCATALOG_COMPILER_APPICON_NAME = AppIcon;
				CODE_SIGN_ENTITLEMENTS = SignInWithAppleTest/SignInWithAppleTest.entitlements;
				CODE_SIGN_STYLE = Automatic;
				DEVELOPMENT_TEAM = 9TNVAWA2VV;
				INFOPLIST_FILE = SignInWithAppleTest/Info.plist;
				LD_RUNPATH_SEARCH_PATHS = (
					"$(inherited)",
					"@executable_path/Frameworks",
				);
				PRODUCT_BUNDLE_IDENTIFIER = com.h2.test.SignInWithAppleTest;
				PRODUCT_NAME = "$(TARGET_NAME)";
				SWIFT_VERSION = 5.0;
				TARGETED_DEVICE_FAMILY = "1,2";
			};
			name = Debug;
		};
		D0506A9A240375B200FE0DDC /* Release */ = {
			isa = XCBuildConfiguration;
			buildSettings = {
				ASSETCATALOG_COMPILER_APPICON_NAME = AppIcon;
				CODE_SIGN_ENTITLEMENTS = SignInWithAppleTest/SignInWithAppleTest.entitlements;
				CODE_SIGN_STYLE = Automatic;
				DEVELOPMENT_TEAM = 9TNVAWA2VV;
				INFOPLIST_FILE = SignInWithAppleTest/Info.plist;
				LD_RUNPATH_SEARCH_PATHS = (
					"$(inherited)",
					"@executable_path/Frameworks",
				);
				PRODUCT_BUNDLE_IDENTIFIER = com.h2.test.SignInWithAppleTest;
				PRODUCT_NAME = "$(TARGET_NAME)";
				SWIFT_VERSION = 5.0;
				TARGETED_DEVICE_FAMILY = "1,2";
			};
			name = Release;
		};
/* End XCBuildConfiguration section */

/* Begin XCConfigurationList section */
		D0506A7F240375B000FE0DDC /* Build configuration list for PBXProject "SignInWithAppleTest" */ = {
			isa = XCConfigurationList;
			buildConfigurations = (
				D0506A96240375B200FE0DDC /* Debug */,
				D0506A97240375B200FE0DDC /* Release */,
			);
			defaultConfigurationIsVisible = 0;
			defaultConfigurationName = Release;
		};
		D0506A98240375B200FE0DDC /* Build configuration list for PBXNativeTarget "SignInWithAppleTest" */ = {
			isa = XCConfigurationList;
			buildConfigurations = (
				D0506A99240375B200FE0DDC /* Debug */,
				D0506A9A240375B200FE0DDC /* Release */,
			);
			defaultConfigurationIsVisible = 0;
			defaultConfigurationName = Release;
		};
/* End XCConfigurationList section */
	};
	rootObject = D0506A7C240375B000FE0DDC /* Project object */;
}
