// !$*UTF8*$!
{
	archiveVersion = 1;
	classes = {
	};
	objectVersion = 56;
	objects = {

/* Begin PBXBuildFile section */
		6C03ADED2CDA041200571418 /* HealthKitManager.swift in Sources */ = {isa = PBXBuildFile; fileRef = 6C03ADEC2CDA041100571418 /* HealthKitManager.swift */; };
		6C1D5FDC2C74A6F600D317D8 /* HealthKitTestsApp.swift in Sources */ = {isa = PBXBuildFile; fileRef = 6C1D5FDB2C74A6F600D317D8 /* HealthKitTestsApp.swift */; };
		6C1D5FDE2C74A6F600D317D8 /* ContentView.swift in Sources */ = {isa = PBXBuildFile; fileRef = 6C1D5FDD2C74A6F600D317D8 /* ContentView.swift */; };
		6C1D5FE02C74A6F700D317D8 /* Assets.xcassets in Resources */ = {isa = PBXBuildFile; fileRef = 6C1D5FDF2C74A6F700D317D8 /* Assets.xcassets */; };
		6C1D5FE32C74A6F700D317D8 /* Preview Assets.xcassets in Resources */ = {isa = PBXBuildFile; fileRef = 6C1D5FE22C74A6F700D317D8 /* Preview Assets.xcassets */; };
		6C1D5FE52C74A6F700D317D8 /* Persistence.swift in Sources */ = {isa = PBXBuildFile; fileRef = 6C1D5FE42C74A6F700D317D8 /* Persistence.swift */; };
		6C1D5FE82C74A6F700D317D8 /* HealthKitTests.xcdatamodeld in Sources */ = {isa = PBXBuildFile; fileRef = 6C1D5FE62C74A6F700D317D8 /* HealthKitTests.xcdatamodeld */; };
		6C1D5FF22C74A6F800D317D8 /* HealthKitTestsTests.swift in Sources */ = {isa = PBXBuildFile; fileRef = 6C1D5FF12C74A6F800D317D8 /* HealthKitTestsTests.swift */; };
		6C1D5FFC2C74A6F800D317D8 /* HealthKitTestsUITests.swift in Sources */ = {isa = PBXBuildFile; fileRef = 6C1D5FFB2C74A6F800D317D8 /* HealthKitTestsUITests.swift */; };
		6C1D5FFE2C74A6F800D317D8 /* HealthKitTestsUITestsLaunchTests.swift in Sources */ = {isa = PBXBuildFile; fileRef = 6C1D5FFD2C74A6F800D317D8 /* HealthKitTestsUITestsLaunchTests.swift */; };
/* End PBXBuildFile section */

/* Begin PBXContainerItemProxy section */
		6C1D5FEE2C74A6F800D317D8 /* PBXContainerItemProxy */ = {
			isa = PBXContainerItemProxy;
			containerPortal = 6C1D5FD02C74A6F600D317D8 /* Project object */;
			proxyType = 1;
			remoteGlobalIDString = 6C1D5FD72C74A6F600D317D8;
			remoteInfo = HealthKitTests;
		};
		6C1D5FF82C74A6F800D317D8 /* PBXContainerItemProxy */ = {
			isa = PBXContainerItemProxy;
			containerPortal = 6C1D5FD02C74A6F600D317D8 /* Project object */;
			proxyType = 1;
			remoteGlobalIDString = 6C1D5FD72C74A6F600D317D8;
			remoteInfo = HealthKitTests;
		};
/* End PBXContainerItemProxy section */

/* Begin PBXFileReference section */
		6C03ADEC2CDA041100571418 /* HealthKitManager.swift */ = {isa = PBXFileReference; fileEncoding = 4; lastKnownFileType = sourcecode.swift; path = HealthKitManager.swift; sourceTree = "<group>"; };
		6C1D5FD82C74A6F600D317D8 /* HealthKitTests.app */ = {isa = PBXFileReference; explicitFileType = wrapper.application; includeInIndex = 0; path = HealthKitTests.app; sourceTree = BUILT_PRODUCTS_DIR; };
		6C1D5FDB2C74A6F600D317D8 /* HealthKitTestsApp.swift */ = {isa = PBXFileReference; lastKnownFileType = sourcecode.swift; path = HealthKitTestsApp.swift; sourceTree = "<group>"; };
		6C1D5FDD2C74A6F600D317D8 /* ContentView.swift */ = {isa = PBXFileReference; lastKnownFileType = sourcecode.swift; path = ContentView.swift; sourceTree = "<group>"; };
		6C1D5FDF2C74A6F700D317D8 /* Assets.xcassets */ = {isa = PBXFileReference; lastKnownFileType = folder.assetcatalog; path = Assets.xcassets; sourceTree = "<group>"; };
		6C1D5FE22C74A6F700D317D8 /* Preview Assets.xcassets */ = {isa = PBXFileReference; lastKnownFileType = folder.assetcatalog; path = "Preview Assets.xcassets"; sourceTree = "<group>"; };
		6C1D5FE42C74A6F700D317D8 /* Persistence.swift */ = {isa = PBXFileReference; lastKnownFileType = sourcecode.swift; path = Persistence.swift; sourceTree = "<group>"; };
		6C1D5FE72C74A6F700D317D8 /* HealthKitTests.xcdatamodel */ = {isa = PBXFileReference; lastKnownFileType = wrapper.xcdatamodel; path = HealthKitTests.xcdatamodel; sourceTree = "<group>"; };
		6C1D5FED2C74A6F800D317D8 /* HealthKitTestsTests.xctest */ = {isa = PBXFileReference; explicitFileType = wrapper.cfbundle; includeInIndex = 0; path = HealthKitTestsTests.xctest; sourceTree = BUILT_PRODUCTS_DIR; };
		6C1D5FF12C74A6F800D317D8 /* HealthKitTestsTests.swift */ = {isa = PBXFileReference; lastKnownFileType = sourcecode.swift; path = HealthKitTestsTests.swift; sourceTree = "<group>"; };
		6C1D5FF72C74A6F800D317D8 /* HealthKitTestsUITests.xctest */ = {isa = PBXFileReference; explicitFileType = wrapper.cfbundle; includeInIndex = 0; path = HealthKitTestsUITests.xctest; sourceTree = BUILT_PRODUCTS_DIR; };
		6C1D5FFB2C74A6F800D317D8 /* HealthKitTestsUITests.swift */ = {isa = PBXFileReference; lastKnownFileType = sourcecode.swift; path = HealthKitTestsUITests.swift; sourceTree = "<group>"; };
		6C1D5FFD2C74A6F800D317D8 /* HealthKitTestsUITestsLaunchTests.swift */ = {isa = PBXFileReference; lastKnownFileType = sourcecode.swift; path = HealthKitTestsUITestsLaunchTests.swift; sourceTree = "<group>"; };
		6C1D600A2C74AAB000D317D8 /* HealthKitTests.entitlements */ = {isa = PBXFileReference; lastKnownFileType = text.plist.entitlements; path = HealthKitTests.entitlements; sourceTree = "<group>"; };
/* End PBXFileReference section */

/* Begin PBXFrameworksBuildPhase section */
		6C1D5FD52C74A6F600D317D8 /* Frameworks */ = {
			isa = PBXFrameworksBuildPhase;
			buildActionMask = 2147483647;
			files = (
			);
			runOnlyForDeploymentPostprocessing = 0;
		};
		6C1D5FEA2C74A6F800D317D8 /* Frameworks */ = {
			isa = PBXFrameworksBuildPhase;
			buildActionMask = 2147483647;
			files = (
			);
			runOnlyForDeploymentPostprocessing = 0;
		};
		6C1D5FF42C74A6F800D317D8 /* Frameworks */ = {
			isa = PBXFrameworksBuildPhase;
			buildActionMask = 2147483647;
			files = (
			);
			runOnlyForDeploymentPostprocessing = 0;
		};
/* End PBXFrameworksBuildPhase section */

/* Begin PBXGroup section */
		6C1D5FCF2C74A6F600D317D8 = {
			isa = PBXGroup;
			children = (
				6C1D5FDA2C74A6F600D317D8 /* HealthKitTests */,
				6C1D5FF02C74A6F800D317D8 /* HealthKitTestsTests */,
				6C1D5FFA2C74A6F800D317D8 /* HealthKitTestsUITests */,
				6C1D5FD92C74A6F600D317D8 /* Products */,
			);
			sourceTree = "<group>";
		};
		6C1D5FD92C74A6F600D317D8 /* Products */ = {
			isa = PBXGroup;
			children = (
				6C1D5FD82C74A6F600D317D8 /* HealthKitTests.app */,
				6C1D5FED2C74A6F800D317D8 /* HealthKitTestsTests.xctest */,
				6C1D5FF72C74A6F800D317D8 /* HealthKitTestsUITests.xctest */,
			);
			name = Products;
			sourceTree = "<group>";
		};
		6C1D5FDA2C74A6F600D317D8 /* HealthKitTests */ = {
			isa = PBXGroup;
			children = (
				6C1D600A2C74AAB000D317D8 /* HealthKitTests.entitlements */,
				6C1D5FDB2C74A6F600D317D8 /* HealthKitTestsApp.swift */,
				6C03ADEC2CDA041100571418 /* HealthKitManager.swift */,
				6C1D5FDD2C74A6F600D317D8 /* ContentView.swift */,
				6C1D5FDF2C74A6F700D317D8 /* Assets.xcassets */,
				6C1D5FE42C74A6F700D317D8 /* Persistence.swift */,
				6C1D5FE62C74A6F700D317D8 /* HealthKitTests.xcdatamodeld */,
				6C1D5FE12C74A6F700D317D8 /* Preview Content */,
			);
			path = HealthKitTests;
			sourceTree = "<group>";
		};
		6C1D5FE12C74A6F700D317D8 /* Preview Content */ = {
			isa = PBXGroup;
			children = (
				6C1D5FE22C74A6F700D317D8 /* Preview Assets.xcassets */,
			);
			path = "Preview Content";
			sourceTree = "<group>";
		};
		6C1D5FF02C74A6F800D317D8 /* HealthKitTestsTests */ = {
			isa = PBXGroup;
			children = (
				6C1D5FF12C74A6F800D317D8 /* HealthKitTestsTests.swift */,
			);
			path = HealthKitTestsTests;
			sourceTree = "<group>";
		};
		6C1D5FFA2C74A6F800D317D8 /* HealthKitTestsUITests */ = {
			isa = PBXGroup;
			children = (
				6C1D5FFB2C74A6F800D317D8 /* HealthKitTestsUITests.swift */,
				6C1D5FFD2C74A6F800D317D8 /* HealthKitTestsUITestsLaunchTests.swift */,
			);
			path = HealthKitTestsUITests;
			sourceTree = "<group>";
		};
/* End PBXGroup section */

/* Begin PBXNativeTarget section */
		6C1D5FD72C74A6F600D317D8 /* HealthKitTests */ = {
			isa = PBXNativeTarget;
			buildConfigurationList = 6C1D60012C74A6F800D317D8 /* Build configuration list for PBXNativeTarget "HealthKitTests" */;
			buildPhases = (
				6C1D5FD42C74A6F600D317D8 /* Sources */,
				6C1D5FD52C74A6F600D317D8 /* Frameworks */,
				6C1D5FD62C74A6F600D317D8 /* Resources */,
			);
			buildRules = (
			);
			dependencies = (
			);
			name = HealthKitTests;
			productName = HealthKitTests;
			productReference = 6C1D5FD82C74A6F600D317D8 /* HealthKitTests.app */;
			productType = "com.apple.product-type.application";
		};
		6C1D5FEC2C74A6F800D317D8 /* HealthKitTestsTests */ = {
			isa = PBXNativeTarget;
			buildConfigurationList = 6C1D60042C74A6F800D317D8 /* Build configuration list for PBXNativeTarget "HealthKitTestsTests" */;
			buildPhases = (
				6C1D5FE92C74A6F800D317D8 /* Sources */,
				6C1D5FEA2C74A6F800D317D8 /* Frameworks */,
				6C1D5FEB2C74A6F800D317D8 /* Resources */,
			);
			buildRules = (
			);
			dependencies = (
				6C1D5FEF2C74A6F800D317D8 /* PBXTargetDependency */,
			);
			name = HealthKitTestsTests;
			productName = HealthKitTestsTests;
			productReference = 6C1D5FED2C74A6F800D317D8 /* HealthKitTestsTests.xctest */;
			productType = "com.apple.product-type.bundle.unit-test";
		};
		6C1D5FF62C74A6F800D317D8 /* HealthKitTestsUITests */ = {
			isa = PBXNativeTarget;
			buildConfigurationList = 6C1D60072C74A6F800D317D8 /* Build configuration list for PBXNativeTarget "HealthKitTestsUITests" */;
			buildPhases = (
				6C1D5FF32C74A6F800D317D8 /* Sources */,
				6C1D5FF42C74A6F800D317D8 /* Frameworks */,
				6C1D5FF52C74A6F800D317D8 /* Resources */,
			);
			buildRules = (
			);
			dependencies = (
				6C1D5FF92C74A6F800D317D8 /* PBXTargetDependency */,
			);
			name = HealthKitTestsUITests;
			productName = HealthKitTestsUITests;
			productReference = 6C1D5FF72C74A6F800D317D8 /* HealthKitTestsUITests.xctest */;
			productType = "com.apple.product-type.bundle.ui-testing";
		};
/* End PBXNativeTarget section */

/* Begin PBXProject section */
		6C1D5FD02C74A6F600D317D8 /* Project object */ = {
			isa = PBXProject;
			attributes = {
				BuildIndependentTargetsInParallel = 1;
				LastSwiftUpdateCheck = 1530;
				LastUpgradeCheck = 1530;
				TargetAttributes = {
					6C1D5FD72C74A6F600D317D8 = {
						CreatedOnToolsVersion = 15.3;
					};
					6C1D5FEC2C74A6F800D317D8 = {
						CreatedOnToolsVersion = 15.3;
						TestTargetID = 6C1D5FD72C74A6F600D317D8;
					};
					6C1D5FF62C74A6F800D317D8 = {
						CreatedOnToolsVersion = 15.3;
						TestTargetID = 6C1D5FD72C74A6F600D317D8;
					};
				};
			};
			buildConfigurationList = 6C1D5FD32C74A6F600D317D8 /* Build configuration list for PBXProject "HealthKitTests" */;
			compatibilityVersion = "Xcode 14.0";
			developmentRegion = en;
			hasScannedForEncodings = 0;
			knownRegions = (
				en,
				Base,
			);
			mainGroup = 6C1D5FCF2C74A6F600D317D8;
			productRefGroup = 6C1D5FD92C74A6F600D317D8 /* Products */;
			projectDirPath = "";
			projectRoot = "";
			targets = (
				6C1D5FD72C74A6F600D317D8 /* HealthKitTests */,
				6C1D5FEC2C74A6F800D317D8 /* HealthKitTestsTests */,
				6C1D5FF62C74A6F800D317D8 /* HealthKitTestsUITests */,
			);
		};
/* End PBXProject section */

/* Begin PBXResourcesBuildPhase section */
		6C1D5FD62C74A6F600D317D8 /* Resources */ = {
			isa = PBXResourcesBuildPhase;
			buildActionMask = 2147483647;
			files = (
				6C1D5FE32C74A6F700D317D8 /* Preview Assets.xcassets in Resources */,
				6C1D5FE02C74A6F700D317D8 /* Assets.xcassets in Resources */,
			);
			runOnlyForDeploymentPostprocessing = 0;
		};
		6C1D5FEB2C74A6F800D317D8 /* Resources */ = {
			isa = PBXResourcesBuildPhase;
			buildActionMask = 2147483647;
			files = (
			);
			runOnlyForDeploymentPostprocessing = 0;
		};
		6C1D5FF52C74A6F800D317D8 /* Resources */ = {
			isa = PBXResourcesBuildPhase;
			buildActionMask = 2147483647;
			files = (
			);
			runOnlyForDeploymentPostprocessing = 0;
		};
/* End PBXResourcesBuildPhase section */

/* Begin PBXSourcesBuildPhase section */
		6C1D5FD42C74A6F600D317D8 /* Sources */ = {
			isa = PBXSourcesBuildPhase;
			buildActionMask = 2147483647;
			files = (
				6C1D5FE82C74A6F700D317D8 /* HealthKitTests.xcdatamodeld in Sources */,
				6C1D5FE52C74A6F700D317D8 /* Persistence.swift in Sources */,
				6C1D5FDE2C74A6F600D317D8 /* ContentView.swift in Sources */,
				6C03ADED2CDA041200571418 /* HealthKitManager.swift in Sources */,
				6C1D5FDC2C74A6F600D317D8 /* HealthKitTestsApp.swift in Sources */,
			);
			runOnlyForDeploymentPostprocessing = 0;
		};
		6C1D5FE92C74A6F800D317D8 /* Sources */ = {
			isa = PBXSourcesBuildPhase;
			buildActionMask = 2147483647;
			files = (
				6C1D5FF22C74A6F800D317D8 /* HealthKitTestsTests.swift in Sources */,
			);
			runOnlyForDeploymentPostprocessing = 0;
		};
		6C1D5FF32C74A6F800D317D8 /* Sources */ = {
			isa = PBXSourcesBuildPhase;
			buildActionMask = 2147483647;
			files = (
				6C1D5FFC2C74A6F800D317D8 /* HealthKitTestsUITests.swift in Sources */,
				6C1D5FFE2C74A6F800D317D8 /* HealthKitTestsUITestsLaunchTests.swift in Sources */,
			);
			runOnlyForDeploymentPostprocessing = 0;
		};
/* End PBXSourcesBuildPhase section */

/* Begin PBXTargetDependency section */
		6C1D5FEF2C74A6F800D317D8 /* PBXTargetDependency */ = {
			isa = PBXTargetDependency;
			target = 6C1D5FD72C74A6F600D317D8 /* HealthKitTests */;
			targetProxy = 6C1D5FEE2C74A6F800D317D8 /* PBXContainerItemProxy */;
		};
		6C1D5FF92C74A6F800D317D8 /* PBXTargetDependency */ = {
			isa = PBXTargetDependency;
			target = 6C1D5FD72C74A6F600D317D8 /* HealthKitTests */;
			targetProxy = 6C1D5FF82C74A6F800D317D8 /* PBXContainerItemProxy */;
		};
/* End PBXTargetDependency section */

/* Begin XCBuildConfiguration section */
		6C1D5FFF2C74A6F800D317D8 /* Debug */ = {
			isa = XCBuildConfiguration;
			buildSettings = {
				ALWAYS_SEARCH_USER_PATHS = NO;
				ASSETCATALOG_COMPILER_GENERATE_SWIFT_ASSET_SYMBOL_EXTENSIONS = YES;
				CLANG_ANALYZER_NONNULL = YES;
				CLANG_ANALYZER_NUMBER_OBJECT_CONVERSION = YES_AGGRESSIVE;
				CLANG_CXX_LANGUAGE_STANDARD = "gnu++20";
				CLANG_ENABLE_MODULES = YES;
				CLANG_ENABLE_OBJC_ARC = YES;
				CLANG_ENABLE_OBJC_WEAK = YES;
				CLANG_WARN_BLOCK_CAPTURE_AUTORELEASING = YES;
				CLANG_WARN_BOOL_CONVERSION = YES;
				CLANG_WARN_COMMA = YES;
				CLANG_WARN_CONSTANT_CONVERSION = YES;
				CLANG_WARN_DEPRECATED_OBJC_IMPLEMENTATIONS = YES;
				CLANG_WARN_DIRECT_OBJC_ISA_USAGE = YES_ERROR;
				CLANG_WARN_DOCUMENTATION_COMMENTS = YES;
				CLANG_WARN_EMPTY_BODY = YES;
				CLANG_WARN_ENUM_CONVERSION = YES;
				CLANG_WARN_INFINITE_RECURSION = YES;
				CLANG_WARN_INT_CONVERSION = YES;
				CLANG_WARN_NON_LITERAL_NULL_CONVERSION = YES;
				CLANG_WARN_OBJC_IMPLICIT_RETAIN_SELF = YES;
				CLANG_WARN_OBJC_LITERAL_CONVERSION = YES;
				CLANG_WARN_OBJC_ROOT_CLASS = YES_ERROR;
				CLANG_WARN_QUOTED_INCLUDE_IN_FRAMEWORK_HEADER = YES;
				CLANG_WARN_RANGE_LOOP_ANALYSIS = YES;
				CLANG_WARN_STRICT_PROTOTYPES = YES;
				CLANG_WARN_SUSPICIOUS_MOVE = YES;
				CLANG_WARN_UNGUARDED_AVAILABILITY = YES_AGGRESSIVE;
				CLANG_WARN_UNREACHABLE_CODE = YES;
				CLANG_WARN__DUPLICATE_METHOD_MATCH = YES;
				COPY_PHASE_STRIP = NO;
				DEBUG_INFORMATION_FORMAT = dwarf;
				ENABLE_STRICT_OBJC_MSGSEND = YES;
				ENABLE_TESTABILITY = YES;
				ENABLE_USER_SCRIPT_SANDBOXING = YES;
				GCC_C_LANGUAGE_STANDARD = gnu17;
				GCC_DYNAMIC_NO_PIC = NO;
				GCC_NO_COMMON_BLOCKS = YES;
				GCC_OPTIMIZATION_LEVEL = 0;
				GCC_PREPROCESSOR_DEFINITIONS = (
					"DEBUG=1",
					"$(inherited)",
				);
				GCC_WARN_64_TO_32_BIT_CONVERSION = YES;
				GCC_WARN_ABOUT_RETURN_TYPE = YES_ERROR;
				GCC_WARN_UNDECLARED_SELECTOR = YES;
				GCC_WARN_UNINITIALIZED_AUTOS = YES_AGGRESSIVE;
				GCC_WARN_UNUSED_FUNCTION = YES;
				GCC_WARN_UNUSED_VARIABLE = YES;
				IPHONEOS_DEPLOYMENT_TARGET = 17.4;
				LOCALIZATION_PREFERS_STRING_CATALOGS = YES;
				MTL_ENABLE_DEBUG_INFO = INCLUDE_SOURCE;
				MTL_FAST_MATH = YES;
				ONLY_ACTIVE_ARCH = YES;
				SDKROOT = iphoneos;
				SWIFT_ACTIVE_COMPILATION_CONDITIONS = "DEBUG $(inherited)";
				SWIFT_OPTIMIZATION_LEVEL = "-Onone";
			};
			name = Debug;
		};
		6C1D60002C74A6F800D317D8 /* Release */ = {
			isa = XCBuildConfiguration;
			buildSettings = {
				ALWAYS_SEARCH_USER_PATHS = NO;
				ASSETCATALOG_COMPILER_GENERATE_SWIFT_ASSET_SYMBOL_EXTENSIONS = YES;
				CLANG_ANALYZER_NONNULL = YES;
				CLANG_ANALYZER_NUMBER_OBJECT_CONVERSION = YES_AGGRESSIVE;
				CLANG_CXX_LANGUAGE_STANDARD = "gnu++20";
				CLANG_ENABLE_MODULES = YES;
				CLANG_ENABLE_OBJC_ARC = YES;
				CLANG_ENABLE_OBJC_WEAK = YES;
				CLANG_WARN_BLOCK_CAPTURE_AUTORELEASING = YES;
				CLANG_WARN_BOOL_CONVERSION = YES;
				CLANG_WARN_COMMA = YES;
				CLANG_WARN_CONSTANT_CONVERSION = YES;
				CLANG_WARN_DEPRECATED_OBJC_IMPLEMENTATIONS = YES;
				CLANG_WARN_DIRECT_OBJC_ISA_USAGE = YES_ERROR;
				CLANG_WARN_DOCUMENTATION_COMMENTS = YES;
				CLANG_WARN_EMPTY_BODY = YES;
				CLANG_WARN_ENUM_CONVERSION = YES;
				CLANG_WARN_INFINITE_RECURSION = YES;
				CLANG_WARN_INT_CONVERSION = YES;
				CLANG_WARN_NON_LITERAL_NULL_CONVERSION = YES;
				CLANG_WARN_OBJC_IMPLICIT_RETAIN_SELF = YES;
				CLANG_WARN_OBJC_LITERAL_CONVERSION = YES;
				CLANG_WARN_OBJC_ROOT_CLASS = YES_ERROR;
				CLANG_WARN_QUOTED_INCLUDE_IN_FRAMEWORK_HEADER = YES;
				CLANG_WARN_RANGE_LOOP_ANALYSIS = YES;
				CLANG_WARN_STRICT_PROTOTYPES = YES;
				CLANG_WARN_SUSPICIOUS_MOVE = YES;
				CLANG_WARN_UNGUARDED_AVAILABILITY = YES_AGGRESSIVE;
				CLANG_WARN_UNREACHABLE_CODE = YES;
				CLANG_WARN__DUPLICATE_METHOD_MATCH = YES;
				COPY_PHASE_STRIP = NO;
				DEBUG_INFORMATION_FORMAT = "dwarf-with-dsym";
				ENABLE_NS_ASSERTIONS = NO;
				ENABLE_STRICT_OBJC_MSGSEND = YES;
				ENABLE_USER_SCRIPT_SANDBOXING = YES;
				GCC_C_LANGUAGE_STANDARD = gnu17;
				GCC_NO_COMMON_BLOCKS = YES;
				GCC_WARN_64_TO_32_BIT_CONVERSION = YES;
				GCC_WARN_ABOUT_RETURN_TYPE = YES_ERROR;
				GCC_WARN_UNDECLARED_SELECTOR = YES;
				GCC_WARN_UNINITIALIZED_AUTOS = YES_AGGRESSIVE;
				GCC_WARN_UNUSED_FUNCTION = YES;
				GCC_WARN_UNUSED_VARIABLE = YES;
				IPHONEOS_DEPLOYMENT_TARGET = 17.4;
				LOCALIZATION_PREFERS_STRING_CATALOGS = YES;
				MTL_ENABLE_DEBUG_INFO = NO;
				MTL_FAST_MATH = YES;
				SDKROOT = iphoneos;
				SWIFT_COMPILATION_MODE = wholemodule;
				VALIDATE_PRODUCT = YES;
			};
			name = Release;
		};
		6C1D60022C74A6F800D317D8 /* Debug */ = {
			isa = XCBuildConfiguration;
			buildSettings = {
				ASSETCATALOG_COMPILER_APPICON_NAME = AppIcon;
				ASSETCATALOG_COMPILER_GLOBAL_ACCENT_COLOR_NAME = AccentColor;
				CODE_SIGN_ENTITLEMENTS = HealthKitTests/HealthKitTests.entitlements;
				CODE_SIGN_STYLE = Automatic;
				CURRENT_PROJECT_VERSION = 1;
				DEVELOPMENT_ASSET_PATHS = "\"HealthKitTests/Preview Content\"";
				DEVELOPMENT_TEAM = 9TNVAWA2VV;
				ENABLE_PREVIEWS = YES;
				GENERATE_INFOPLIST_FILE = YES;
				INFOPLIST_KEY_NSHealthClinicalHealthRecordsShareUsageDescription = "This is needed to sync data with the Health App.";
				INFOPLIST_KEY_NSHealthShareUsageDescription = "This is needed to sync data with the Health App.";
				INFOPLIST_KEY_NSHealthUpdateUsageDescription = "This is needed to sync data with the Health App.";
				INFOPLIST_KEY_UIApplicationSceneManifest_Generation = YES;
				INFOPLIST_KEY_UIApplicationSupportsIndirectInputEvents = YES;
				INFOPLIST_KEY_UILaunchScreen_Generation = YES;
				INFOPLIST_KEY_UISupportedInterfaceOrientations_iPad = "UIInterfaceOrientationPortrait UIInterfaceOrientationPortraitUpsideDown UIInterfaceOrientationLandscapeLeft UIInterfaceOrientationLandscapeRight";
				INFOPLIST_KEY_UISupportedInterfaceOrientations_iPhone = "UIInterfaceOrientationPortrait UIInterfaceOrientationLandscapeLeft UIInterfaceOrientationLandscapeRight";
				LD_RUNPATH_SEARCH_PATHS = (
					"$(inherited)",
					"@executable_path/Frameworks",
				);
				MARKETING_VERSION = 1.0;
				PRODUCT_BUNDLE_IDENTIFIER = com.h2sync.test.HealthKitTests;
				PRODUCT_NAME = "$(TARGET_NAME)";
				SWIFT_EMIT_LOC_STRINGS = YES;
				SWIFT_VERSION = 5.0;
				TARGETED_DEVICE_FAMILY = "1,2";
			};
			name = Debug;
		};
		6C1D60032C74A6F800D317D8 /* Release */ = {
			isa = XCBuildConfiguration;
			buildSettings = {
				ASSETCATALOG_COMPILER_APPICON_NAME = AppIcon;
				ASSETCATALOG_COMPILER_GLOBAL_ACCENT_COLOR_NAME = AccentColor;
				CODE_SIGN_ENTITLEMENTS = HealthKitTests/HealthKitTests.entitlements;
				CODE_SIGN_STYLE = Automatic;
				CURRENT_PROJECT_VERSION = 1;
				DEVELOPMENT_ASSET_PATHS = "\"HealthKitTests/Preview Content\"";
				DEVELOPMENT_TEAM = 9TNVAWA2VV;
				ENABLE_PREVIEWS = YES;
				GENERATE_INFOPLIST_FILE = YES;
				INFOPLIST_KEY_NSHealthClinicalHealthRecordsShareUsageDescription = "This is needed to sync data with the Health App.";
				INFOPLIST_KEY_NSHealthShareUsageDescription = "This is needed to sync data with the Health App.";
				INFOPLIST_KEY_NSHealthUpdateUsageDescription = "This is needed to sync data with the Health App.";
				INFOPLIST_KEY_UIApplicationSceneManifest_Generation = YES;
				INFOPLIST_KEY_UIApplicationSupportsIndirectInputEvents = YES;
				INFOPLIST_KEY_UILaunchScreen_Generation = YES;
				INFOPLIST_KEY_UISupportedInterfaceOrientations_iPad = "UIInterfaceOrientationPortrait UIInterfaceOrientationPortraitUpsideDown UIInterfaceOrientationLandscapeLeft UIInterfaceOrientationLandscapeRight";
				INFOPLIST_KEY_UISupportedInterfaceOrientations_iPhone = "UIInterfaceOrientationPortrait UIInterfaceOrientationLandscapeLeft UIInterfaceOrientationLandscapeRight";
				LD_RUNPATH_SEARCH_PATHS = (
					"$(inherited)",
					"@executable_path/Frameworks",
				);
				MARKETING_VERSION = 1.0;
				PRODUCT_BUNDLE_IDENTIFIER = com.h2sync.test.HealthKitTests;
				PRODUCT_NAME = "$(TARGET_NAME)";
				SWIFT_EMIT_LOC_STRINGS = YES;
				SWIFT_VERSION = 5.0;
				TARGETED_DEVICE_FAMILY = "1,2";
			};
			name = Release;
		};
		6C1D60052C74A6F800D317D8 /* Debug */ = {
			isa = XCBuildConfiguration;
			buildSettings = {
				ALWAYS_EMBED_SWIFT_STANDARD_LIBRARIES = YES;
				BUNDLE_LOADER = "$(TEST_HOST)";
				CODE_SIGN_STYLE = Automatic;
				CURRENT_PROJECT_VERSION = 1;
				DEVELOPMENT_TEAM = 9TNVAWA2VV;
				GENERATE_INFOPLIST_FILE = YES;
				IPHONEOS_DEPLOYMENT_TARGET = 17.4;
				MARKETING_VERSION = 1.0;
				PRODUCT_BUNDLE_IDENTIFIER = com.h2sync.test.HealthKitTestsTests;
				PRODUCT_NAME = "$(TARGET_NAME)";
				SWIFT_EMIT_LOC_STRINGS = NO;
				SWIFT_VERSION = 5.0;
				TARGETED_DEVICE_FAMILY = "1,2";
				TEST_HOST = "$(BUILT_PRODUCTS_DIR)/HealthKitTests.app/$(BUNDLE_EXECUTABLE_FOLDER_PATH)/HealthKitTests";
			};
			name = Debug;
		};
		6C1D60062C74A6F800D317D8 /* Release */ = {
			isa = XCBuildConfiguration;
			buildSettings = {
				ALWAYS_EMBED_SWIFT_STANDARD_LIBRARIES = YES;
				BUNDLE_LOADER = "$(TEST_HOST)";
				CODE_SIGN_STYLE = Automatic;
				CURRENT_PROJECT_VERSION = 1;
				DEVELOPMENT_TEAM = 9TNVAWA2VV;
				GENERATE_INFOPLIST_FILE = YES;
				IPHONEOS_DEPLOYMENT_TARGET = 17.4;
				MARKETING_VERSION = 1.0;
				PRODUCT_BUNDLE_IDENTIFIER = com.h2sync.test.HealthKitTestsTests;
				PRODUCT_NAME = "$(TARGET_NAME)";
				SWIFT_EMIT_LOC_STRINGS = NO;
				SWIFT_VERSION = 5.0;
				TARGETED_DEVICE_FAMILY = "1,2";
				TEST_HOST = "$(BUILT_PRODUCTS_DIR)/HealthKitTests.app/$(BUNDLE_EXECUTABLE_FOLDER_PATH)/HealthKitTests";
			};
			name = Release;
		};
		6C1D60082C74A6F800D317D8 /* Debug */ = {
			isa = XCBuildConfiguration;
			buildSettings = {
				ALWAYS_EMBED_SWIFT_STANDARD_LIBRARIES = YES;
				CODE_SIGN_STYLE = Automatic;
				CURRENT_PROJECT_VERSION = 1;
				DEVELOPMENT_TEAM = 9TNVAWA2VV;
				GENERATE_INFOPLIST_FILE = YES;
				MARKETING_VERSION = 1.0;
				PRODUCT_BUNDLE_IDENTIFIER = com.h2sync.test.HealthKitTestsUITests;
				PRODUCT_NAME = "$(TARGET_NAME)";
				SWIFT_EMIT_LOC_STRINGS = NO;
				SWIFT_VERSION = 5.0;
				TARGETED_DEVICE_FAMILY = "1,2";
				TEST_TARGET_NAME = HealthKitTests;
			};
			name = Debug;
		};
		6C1D60092C74A6F800D317D8 /* Release */ = {
			isa = XCBuildConfiguration;
			buildSettings = {
				ALWAYS_EMBED_SWIFT_STANDARD_LIBRARIES = YES;
				CODE_SIGN_STYLE = Automatic;
				CURRENT_PROJECT_VERSION = 1;
				DEVELOPMENT_TEAM = 9TNVAWA2VV;
				GENERATE_INFOPLIST_FILE = YES;
				MARKETING_VERSION = 1.0;
				PRODUCT_BUNDLE_IDENTIFIER = com.h2sync.test.HealthKitTestsUITests;
				PRODUCT_NAME = "$(TARGET_NAME)";
				SWIFT_EMIT_LOC_STRINGS = NO;
				SWIFT_VERSION = 5.0;
				TARGETED_DEVICE_FAMILY = "1,2";
				TEST_TARGET_NAME = HealthKitTests;
			};
			name = Release;
		};
/* End XCBuildConfiguration section */

/* Begin XCConfigurationList section */
		6C1D5FD32C74A6F600D317D8 /* Build configuration list for PBXProject "HealthKitTests" */ = {
			isa = XCConfigurationList;
			buildConfigurations = (
				6C1D5FFF2C74A6F800D317D8 /* Debug */,
				6C1D60002C74A6F800D317D8 /* Release */,
			);
			defaultConfigurationIsVisible = 0;
			defaultConfigurationName = Release;
		};
		6C1D60012C74A6F800D317D8 /* Build configuration list for PBXNativeTarget "HealthKitTests" */ = {
			isa = XCConfigurationList;
			buildConfigurations = (
				6C1D60022C74A6F800D317D8 /* Debug */,
				6C1D60032C74A6F800D317D8 /* Release */,
			);
			defaultConfigurationIsVisible = 0;
			defaultConfigurationName = Release;
		};
		6C1D60042C74A6F800D317D8 /* Build configuration list for PBXNativeTarget "HealthKitTestsTests" */ = {
			isa = XCConfigurationList;
			buildConfigurations = (
				6C1D60052C74A6F800D317D8 /* Debug */,
				6C1D60062C74A6F800D317D8 /* Release */,
			);
			defaultConfigurationIsVisible = 0;
			defaultConfigurationName = Release;
		};
		6C1D60072C74A6F800D317D8 /* Build configuration list for PBXNativeTarget "HealthKitTestsUITests" */ = {
			isa = XCConfigurationList;
			buildConfigurations = (
				6C1D60082C74A6F800D317D8 /* Debug */,
				6C1D60092C74A6F800D317D8 /* Release */,
			);
			defaultConfigurationIsVisible = 0;
			defaultConfigurationName = Release;
		};
/* End XCConfigurationList section */

/* Begin XCVersionGroup section */
		6C1D5FE62C74A6F700D317D8 /* HealthKitTests.xcdatamodeld */ = {
			isa = XCVersionGroup;
			children = (
				6C1D5FE72C74A6F700D317D8 /* HealthKitTests.xcdatamodel */,
			);
			currentVersion = 6C1D5FE72C74A6F700D317D8 /* HealthKitTests.xcdatamodel */;
			path = HealthKitTests.xcdatamodeld;
			sourceTree = "<group>";
			versionGroupType = wrapper.xcdatamodel;
		};
/* End XCVersionGroup section */
	};
	rootObject = 6C1D5FD02C74A6F600D317D8 /* Project object */;
}
