// !$*UTF8*$!
{
	archiveVersion = 1;
	classes = {
	};
	objectVersion = 50;
	objects = {

/* Begin PBXBuildFile section */
		D07B083121019E690083FB04 /* AppDelegate.swift in Sources */ = {isa = PBXBuildFile; fileRef = D07B083021019E690083FB04 /* AppDelegate.swift */; };
		D07B083321019E690083FB04 /* ViewController.swift in Sources */ = {isa = PBXBuildFile; fileRef = D07B083221019E690083FB04 /* ViewController.swift */; };
		D07B083621019E690083FB04 /* Main.storyboard in Resources */ = {isa = PBXBuildFile; fileRef = D07B083421019E690083FB04 /* Main.storyboard */; };
		D07B083821019E690083FB04 /* Assets.xcassets in Resources */ = {isa = PBXBuildFile; fileRef = D07B083721019E690083FB04 /* Assets.xcassets */; };
		D07B083B21019E690083FB04 /* LaunchScreen.storyboard in Resources */ = {isa = PBXBuildFile; fileRef = D07B083921019E690083FB04 /* LaunchScreen.storyboard */; };
		D07B084321019F640083FB04 /* KeychainService.swift in Sources */ = {isa = PBXBuildFile; fileRef = D07B084221019F640083FB04 /* KeychainService.swift */; };
		D0F464E621072DBE0038B9CF /* AppDelegate.swift in Sources */ = {isa = PBXBuildFile; fileRef = D0F464E521072DBE0038B9CF /* AppDelegate.swift */; };
		D0F464E821072DBE0038B9CF /* ViewController.swift in Sources */ = {isa = PBXBuildFile; fileRef = D0F464E721072DBE0038B9CF /* ViewController.swift */; };
		D0F464EB21072DBE0038B9CF /* Main.storyboard in Resources */ = {isa = PBXBuildFile; fileRef = D0F464E921072DBE0038B9CF /* Main.storyboard */; };
		D0F464ED21072DBF0038B9CF /* Assets.xcassets in Resources */ = {isa = PBXBuildFile; fileRef = D0F464EC21072DBF0038B9CF /* Assets.xcassets */; };
		D0F464F021072DBF0038B9CF /* LaunchScreen.storyboard in Resources */ = {isa = PBXBuildFile; fileRef = D0F464EE21072DBF0038B9CF /* LaunchScreen.storyboard */; };
/* End PBXBuildFile section */

/* Begin PBXFileReference section */
		D07B082D21019E680083FB04 /* keyChainTest.app */ = {isa = PBXFileReference; explicitFileType = wrapper.application; includeInIndex = 0; path = keyChainTest.app; sourceTree = BUILT_PRODUCTS_DIR; };
		D07B083021019E690083FB04 /* AppDelegate.swift */ = {isa = PBXFileReference; lastKnownFileType = sourcecode.swift; path = AppDelegate.swift; sourceTree = "<group>"; };
		D07B083221019E690083FB04 /* ViewController.swift */ = {isa = PBXFileReference; lastKnownFileType = sourcecode.swift; path = ViewController.swift; sourceTree = "<group>"; };
		D07B083521019E690083FB04 /* Base */ = {isa = PBXFileReference; lastKnownFileType = file.storyboard; name = Base; path = Base.lproj/Main.storyboard; sourceTree = "<group>"; };
		D07B083721019E690083FB04 /* Assets.xcassets */ = {isa = PBXFileReference; lastKnownFileType = folder.assetcatalog; path = Assets.xcassets; sourceTree = "<group>"; };
		D07B083A21019E690083FB04 /* Base */ = {isa = PBXFileReference; lastKnownFileType = file.storyboard; name = Base; path = Base.lproj/LaunchScreen.storyboard; sourceTree = "<group>"; };
		D07B083C21019E690083FB04 /* Info.plist */ = {isa = PBXFileReference; lastKnownFileType = text.plist.xml; path = Info.plist; sourceTree = "<group>"; };
		D07B084221019F640083FB04 /* KeychainService.swift */ = {isa = PBXFileReference; lastKnownFileType = sourcecode.swift; path = KeychainService.swift; sourceTree = "<group>"; };
		D07B08442101C5A90083FB04 /* keyChainTest.entitlements */ = {isa = PBXFileReference; lastKnownFileType = text.plist.entitlements; path = keyChainTest.entitlements; sourceTree = "<group>"; };
		D0F464E321072DBE0038B9CF /* keyChainTest2.app */ = {isa = PBXFileReference; explicitFileType = wrapper.application; includeInIndex = 0; path = keyChainTest2.app; sourceTree = BUILT_PRODUCTS_DIR; };
		D0F464E521072DBE0038B9CF /* AppDelegate.swift */ = {isa = PBXFileReference; lastKnownFileType = sourcecode.swift; path = AppDelegate.swift; sourceTree = "<group>"; };
		D0F464E721072DBE0038B9CF /* ViewController.swift */ = {isa = PBXFileReference; lastKnownFileType = sourcecode.swift; path = ViewController.swift; sourceTree = "<group>"; };
		D0F464EA21072DBE0038B9CF /* Base */ = {isa = PBXFileReference; lastKnownFileType = file.storyboard; name = Base; path = Base.lproj/Main.storyboard; sourceTree = "<group>"; };
		D0F464EC21072DBF0038B9CF /* Assets.xcassets */ = {isa = PBXFileReference; lastKnownFileType = folder.assetcatalog; path = Assets.xcassets; sourceTree = "<group>"; };
		D0F464EF21072DBF0038B9CF /* Base */ = {isa = PBXFileReference; lastKnownFileType = file.storyboard; name = Base; path = Base.lproj/LaunchScreen.storyboard; sourceTree = "<group>"; };
		D0F464F121072DBF0038B9CF /* Info.plist */ = {isa = PBXFileReference; lastKnownFileType = text.plist.xml; path = Info.plist; sourceTree = "<group>"; };
		D0F464F521072E4D0038B9CF /* keyChainTest2.entitlements */ = {isa = PBXFileReference; lastKnownFileType = text.plist.entitlements; path = keyChainTest2.entitlements; sourceTree = "<group>"; };
/* End PBXFileReference section */

/* Begin PBXFrameworksBuildPhase section */
		D07B082A21019E680083FB04 /* Frameworks */ = {
			isa = PBXFrameworksBuildPhase;
			buildActionMask = 2147483647;
			files = (
			);
			runOnlyForDeploymentPostprocessing = 0;
		};
		D0F464E021072DBE0038B9CF /* Frameworks */ = {
			isa = PBXFrameworksBuildPhase;
			buildActionMask = 2147483647;
			files = (
			);
			runOnlyForDeploymentPostprocessing = 0;
		};
/* End PBXFrameworksBuildPhase section */

/* Begin PBXGroup section */
		D07B082421019E680083FB04 = {
			isa = PBXGroup;
			children = (
				D07B082F21019E690083FB04 /* keyChainTest */,
				D0F464E421072DBE0038B9CF /* keyChainTest2 */,
				D07B082E21019E680083FB04 /* Products */,
			);
			sourceTree = "<group>";
		};
		D07B082E21019E680083FB04 /* Products */ = {
			isa = PBXGroup;
			children = (
				D07B082D21019E680083FB04 /* keyChainTest.app */,
				D0F464E321072DBE0038B9CF /* keyChainTest2.app */,
			);
			name = Products;
			sourceTree = "<group>";
		};
		D07B082F21019E690083FB04 /* keyChainTest */ = {
			isa = PBXGroup;
			children = (
				D07B08442101C5A90083FB04 /* keyChainTest.entitlements */,
				D07B083021019E690083FB04 /* AppDelegate.swift */,
				D07B083221019E690083FB04 /* ViewController.swift */,
				D07B083421019E690083FB04 /* Main.storyboard */,
				D07B083721019E690083FB04 /* Assets.xcassets */,
				D07B083921019E690083FB04 /* LaunchScreen.storyboard */,
				D07B083C21019E690083FB04 /* Info.plist */,
				D07B084221019F640083FB04 /* KeychainService.swift */,
			);
			path = keyChainTest;
			sourceTree = "<group>";
		};
		D0F464E421072DBE0038B9CF /* keyChainTest2 */ = {
			isa = PBXGroup;
			children = (
				D0F464F521072E4D0038B9CF /* keyChainTest2.entitlements */,
				D0F464E521072DBE0038B9CF /* AppDelegate.swift */,
				D0F464E721072DBE0038B9CF /* ViewController.swift */,
				D0F464E921072DBE0038B9CF /* Main.storyboard */,
				D0F464EC21072DBF0038B9CF /* Assets.xcassets */,
				D0F464EE21072DBF0038B9CF /* LaunchScreen.storyboard */,
				D0F464F121072DBF0038B9CF /* Info.plist */,
			);
			path = keyChainTest2;
			sourceTree = "<group>";
		};
/* End PBXGroup section */

/* Begin PBXNativeTarget section */
		D07B082C21019E680083FB04 /* keyChainTest */ = {
			isa = PBXNativeTarget;
			buildConfigurationList = D07B083F21019E690083FB04 /* Build configuration list for PBXNativeTarget "keyChainTest" */;
			buildPhases = (
				D07B082921019E680083FB04 /* Sources */,
				D07B082A21019E680083FB04 /* Frameworks */,
				D07B082B21019E680083FB04 /* Resources */,
			);
			buildRules = (
			);
			dependencies = (
			);
			name = keyChainTest;
			productName = keyChainTest;
			productReference = D07B082D21019E680083FB04 /* keyChainTest.app */;
			productType = "com.apple.product-type.application";
		};
		D0F464E221072DBE0038B9CF /* keyChainTest2 */ = {
			isa = PBXNativeTarget;
			buildConfigurationList = D0F464F421072DBF0038B9CF /* Build configuration list for PBXNativeTarget "keyChainTest2" */;
			buildPhases = (
				D0F464DF21072DBE0038B9CF /* Sources */,
				D0F464E021072DBE0038B9CF /* Frameworks */,
				D0F464E121072DBE0038B9CF /* Resources */,
			);
			buildRules = (
			);
			dependencies = (
			);
			name = keyChainTest2;
			productName = keyChainTest2;
			productReference = D0F464E321072DBE0038B9CF /* keyChainTest2.app */;
			productType = "com.apple.product-type.application";
		};
/* End PBXNativeTarget section */

/* Begin PBXProject section */
		D07B082521019E680083FB04 /* Project object */ = {
			isa = PBXProject;
			attributes = {
				LastSwiftUpdateCheck = 0940;
				LastUpgradeCheck = 0940;
				ORGANIZATIONNAME = justin;
				TargetAttributes = {
					D07B082C21019E680083FB04 = {
						CreatedOnToolsVersion = 9.4.1;
						SystemCapabilities = {
							com.apple.Keychain = {
								enabled = 1;
							};
						};
					};
					D0F464E221072DBE0038B9CF = {
						CreatedOnToolsVersion = 9.4.1;
						SystemCapabilities = {
							com.apple.Keychain = {
								enabled = 1;
							};
						};
					};
				};
			};
			buildConfigurationList = D07B082821019E680083FB04 /* Build configuration list for PBXProject "keyChainTest" */;
			compatibilityVersion = "Xcode 9.3";
			developmentRegion = en;
			hasScannedForEncodings = 0;
			knownRegions = (
				en,
				Base,
			);
			mainGroup = D07B082421019E680083FB04;
			productRefGroup = D07B082E21019E680083FB04 /* Products */;
			projectDirPath = "";
			projectRoot = "";
			targets = (
				D07B082C21019E680083FB04 /* keyChainTest */,
				D0F464E221072DBE0038B9CF /* keyChainTest2 */,
			);
		};
/* End PBXProject section */

/* Begin PBXResourcesBuildPhase section */
		D07B082B21019E680083FB04 /* Resources */ = {
			isa = PBXResourcesBuildPhase;
			buildActionMask = 2147483647;
			files = (
				D07B083B21019E690083FB04 /* LaunchScreen.storyboard in Resources */,
				D07B083821019E690083FB04 /* Assets.xcassets in Resources */,
				D07B083621019E690083FB04 /* Main.storyboard in Resources */,
			);
			runOnlyForDeploymentPostprocessing = 0;
		};
		D0F464E121072DBE0038B9CF /* Resources */ = {
			isa = PBXResourcesBuildPhase;
			buildActionMask = 2147483647;
			files = (
				D0F464F021072DBF0038B9CF /* LaunchScreen.storyboard in Resources */,
				D0F464ED21072DBF0038B9CF /* Assets.xcassets in Resources */,
				D0F464EB21072DBE0038B9CF /* Main.storyboard in Resources */,
			);
			runOnlyForDeploymentPostprocessing = 0;
		};
/* End PBXResourcesBuildPhase section */

/* Begin PBXSourcesBuildPhase section */
		D07B082921019E680083FB04 /* Sources */ = {
			isa = PBXSourcesBuildPhase;
			buildActionMask = 2147483647;
			files = (
				D07B083321019E690083FB04 /* ViewController.swift in Sources */,
				D07B083121019E690083FB04 /* AppDelegate.swift in Sources */,
				D07B084321019F640083FB04 /* KeychainService.swift in Sources */,
			);
			runOnlyForDeploymentPostprocessing = 0;
		};
		D0F464DF21072DBE0038B9CF /* Sources */ = {
			isa = PBXSourcesBuildPhase;
			buildActionMask = 2147483647;
			files = (
				D0F464E821072DBE0038B9CF /* ViewController.swift in Sources */,
				D0F464E621072DBE0038B9CF /* AppDelegate.swift in Sources */,
			);
			runOnlyForDeploymentPostprocessing = 0;
		};
/* End PBXSourcesBuildPhase section */

/* Begin PBXVariantGroup section */
		D07B083421019E690083FB04 /* Main.storyboard */ = {
			isa = PBXVariantGroup;
			children = (
				D07B083521019E690083FB04 /* Base */,
			);
			name = Main.storyboard;
			sourceTree = "<group>";
		};
		D07B083921019E690083FB04 /* LaunchScreen.storyboard */ = {
			isa = PBXVariantGroup;
			children = (
				D07B083A21019E690083FB04 /* Base */,
			);
			name = LaunchScreen.storyboard;
			sourceTree = "<group>";
		};
		D0F464E921072DBE0038B9CF /* Main.storyboard */ = {
			isa = PBXVariantGroup;
			children = (
				D0F464EA21072DBE0038B9CF /* Base */,
			);
			name = Main.storyboard;
			sourceTree = "<group>";
		};
		D0F464EE21072DBF0038B9CF /* LaunchScreen.storyboard */ = {
			isa = PBXVariantGroup;
			children = (
				D0F464EF21072DBF0038B9CF /* Base */,
			);
			name = LaunchScreen.storyboard;
			sourceTree = "<group>";
		};
/* End PBXVariantGroup section */

/* Begin XCBuildConfiguration section */
		D07B083D21019E690083FB04 /* Debug */ = {
			isa = XCBuildConfiguration;
			buildSettings = {
				ALWAYS_SEARCH_USER_PATHS = NO;
				CLANG_ANALYZER_NONNULL = YES;
				CLANG_ANALYZER_NUMBER_OBJECT_CONVERSION = YES_AGGRESSIVE;
				CLANG_CXX_LANGUAGE_STANDARD = "gnu++14";
				CLANG_CXX_LIBRARY = "libc++";
				CLANG_ENABLE_MODULES = YES;
				CLANG_ENABLE_OBJC_ARC = YES;
				CLANG_ENABLE_OBJC_WEAK = YES;
				CLANG_WARN_BLOCK_CAPTURE_AUTORELEASING = YES;
				CLANG_WARN_BOOL_CONVERSION = YES;
				CLANG_WARN_COMMA = YES;
				CLANG_WARN_CONSTANT_CONVERSION = YES;
				CLANG_WARN_DEPRECATED_OBJC_IMPLEMENTATIONS = YES;
				CLANG_WARN_DIRECT_OBJC_ISA_USAGE = YES_ERROR;
				CLANG_WARN_DOCUMENTATION_COMMENTS = YES;
				CLANG_WARN_EMPTY_BODY = YES;
				CLANG_WARN_ENUM_CONVERSION = YES;
				CLANG_WARN_INFINITE_RECURSION = YES;
				CLANG_WARN_INT_CONVERSION = YES;
				CLANG_WARN_NON_LITERAL_NULL_CONVERSION = YES;
				CLANG_WARN_OBJC_IMPLICIT_RETAIN_SELF = YES;
				CLANG_WARN_OBJC_LITERAL_CONVERSION = YES;
				CLANG_WARN_OBJC_ROOT_CLASS = YES_ERROR;
				CLANG_WARN_RANGE_LOOP_ANALYSIS = YES;
				CLANG_WARN_STRICT_PROTOTYPES = YES;
				CLANG_WARN_SUSPICIOUS_MOVE = YES;
				CLANG_WARN_UNGUARDED_AVAILABILITY = YES_AGGRESSIVE;
				CLANG_WARN_UNREACHABLE_CODE = YES;
				CLANG_WARN__DUPLICATE_METHOD_MATCH = YES;
				CODE_SIGN_IDENTITY = "iPhone Developer";
				COPY_PHASE_STRIP = NO;
				DEBUG_INFORMATION_FORMAT = dwarf;
				ENABLE_STRICT_OBJC_MSGSEND = YES;
				ENABLE_TESTABILITY = YES;
				GCC_C_LANGUAGE_STANDARD = gnu11;
				GCC_DYNAMIC_NO_PIC = NO;
				GCC_NO_COMMON_BLOCKS = YES;
				GCC_OPTIMIZATION_LEVEL = 0;
				GCC_PREPROCESSOR_DEFINITIONS = (
					"DEBUG=1",
					"$(inherited)",
				);
				GCC_WARN_64_TO_32_BIT_CONVERSION = YES;
				GCC_WARN_ABOUT_RETURN_TYPE = YES_ERROR;
				GCC_WARN_UNDECLARED_SELECTOR = YES;
				GCC_WARN_UNINITIALIZED_AUTOS = YES_AGGRESSIVE;
				GCC_WARN_UNUSED_FUNCTION = YES;
				GCC_WARN_UNUSED_VARIABLE = YES;
				IPHONEOS_DEPLOYMENT_TARGET = 11.4;
				MTL_ENABLE_DEBUG_INFO = YES;
				ONLY_ACTIVE_ARCH = YES;
				SDKROOT = iphoneos;
				SWIFT_ACTIVE_COMPILATION_CONDITIONS = DEBUG;
				SWIFT_OPTIMIZATION_LEVEL = "-Onone";
			};
			name = Debug;
		};
		D07B083E21019E690083FB04 /* Release */ = {
			isa = XCBuildConfiguration;
			buildSettings = {
				ALWAYS_SEARCH_USER_PATHS = NO;
				CLANG_ANALYZER_NONNULL = YES;
				CLANG_ANALYZER_NUMBER_OBJECT_CONVERSION = YES_AGGRESSIVE;
				CLANG_CXX_LANGUAGE_STANDARD = "gnu++14";
				CLANG_CXX_LIBRARY = "libc++";
				CLANG_ENABLE_MODULES = YES;
				CLANG_ENABLE_OBJC_ARC = YES;
				CLANG_ENABLE_OBJC_WEAK = YES;
				CLANG_WARN_BLOCK_CAPTURE_AUTORELEASING = YES;
				CLANG_WARN_BOOL_CONVERSION = YES;
				CLANG_WARN_COMMA = YES;
				CLANG_WARN_CONSTANT_CONVERSION = YES;
				CLANG_WARN_DEPRECATED_OBJC_IMPLEMENTATIONS = YES;
				CLANG_WARN_DIRECT_OBJC_ISA_USAGE = YES_ERROR;
				CLANG_WARN_DOCUMENTATION_COMMENTS = YES;
				CLANG_WARN_EMPTY_BODY = YES;
				CLANG_WARN_ENUM_CONVERSION = YES;
				CLANG_WARN_INFINITE_RECURSION = YES;
				CLANG_WARN_INT_CONVERSION = YES;
				CLANG_WARN_NON_LITERAL_NULL_CONVERSION = YES;
				CLANG_WARN_OBJC_IMPLICIT_RETAIN_SELF = YES;
				CLANG_WARN_OBJC_LITERAL_CONVERSION = YES;
				CLANG_WARN_OBJC_ROOT_CLASS = YES_ERROR;
				CLANG_WARN_RANGE_LOOP_ANALYSIS = YES;
				CLANG_WARN_STRICT_PROTOTYPES = YES;
				CLANG_WARN_SUSPICIOUS_MOVE = YES;
				CLANG_WARN_UNGUARDED_AVAILABILITY = YES_AGGRESSIVE;
				CLANG_WARN_UNREACHABLE_CODE = YES;
				CLANG_WARN__DUPLICATE_METHOD_MATCH = YES;
				CODE_SIGN_IDENTITY = "iPhone Developer";
				COPY_PHASE_STRIP = NO;
				DEBUG_INFORMATION_FORMAT = "dwarf-with-dsym";
				ENABLE_NS_ASSERTIONS = NO;
				ENABLE_STRICT_OBJC_MSGSEND = YES;
				GCC_C_LANGUAGE_STANDARD = gnu11;
				GCC_NO_COMMON_BLOCKS = YES;
				GCC_WARN_64_TO_32_BIT_CONVERSION = YES;
				GCC_WARN_ABOUT_RETURN_TYPE = YES_ERROR;
				GCC_WARN_UNDECLARED_SELECTOR = YES;
				GCC_WARN_UNINITIALIZED_AUTOS = YES_AGGRESSIVE;
				GCC_WARN_UNUSED_FUNCTION = YES;
				GCC_WARN_UNUSED_VARIABLE = YES;
				IPHONEOS_DEPLOYMENT_TARGET = 11.4;
				MTL_ENABLE_DEBUG_INFO = NO;
				SDKROOT = iphoneos;
				SWIFT_COMPILATION_MODE = wholemodule;
				SWIFT_OPTIMIZATION_LEVEL = "-O";
				VALIDATE_PRODUCT = YES;
			};
			name = Release;
		};
		D07B084021019E690083FB04 /* Debug */ = {
			isa = XCBuildConfiguration;
			buildSettings = {
				ASSETCATALOG_COMPILER_APPICON_NAME = AppIcon;
				CODE_SIGN_ENTITLEMENTS = keyChainTest/keyChainTest.entitlements;
				CODE_SIGN_STYLE = Automatic;
				DEVELOPMENT_TEAM = 9TNVAWA2VV;
				INFOPLIST_FILE = keyChainTest/Info.plist;
				LD_RUNPATH_SEARCH_PATHS = (
					"$(inherited)",
					"@executable_path/Frameworks",
				);
				PRODUCT_BUNDLE_IDENTIFIER = h2.keyChainTest;
				PRODUCT_NAME = "$(TARGET_NAME)";
				SWIFT_VERSION = 4.0;
				TARGETED_DEVICE_FAMILY = "1,2";
			};
			name = Debug;
		};
		D07B084121019E690083FB04 /* Release */ = {
			isa = XCBuildConfiguration;
			buildSettings = {
				ASSETCATALOG_COMPILER_APPICON_NAME = AppIcon;
				CODE_SIGN_ENTITLEMENTS = keyChainTest/keyChainTest.entitlements;
				CODE_SIGN_STYLE = Automatic;
				DEVELOPMENT_TEAM = 9TNVAWA2VV;
				INFOPLIST_FILE = keyChainTest/Info.plist;
				LD_RUNPATH_SEARCH_PATHS = (
					"$(inherited)",
					"@executable_path/Frameworks",
				);
				PRODUCT_BUNDLE_IDENTIFIER = h2.keyChainTest;
				PRODUCT_NAME = "$(TARGET_NAME)";
				SWIFT_VERSION = 4.0;
				TARGETED_DEVICE_FAMILY = "1,2";
			};
			name = Release;
		};
		D0F464F221072DBF0038B9CF /* Debug */ = {
			isa = XCBuildConfiguration;
			buildSettings = {
				ASSETCATALOG_COMPILER_APPICON_NAME = AppIcon;
				CODE_SIGN_ENTITLEMENTS = keyChainTest2/keyChainTest2.entitlements;
				CODE_SIGN_STYLE = Automatic;
				DEVELOPMENT_TEAM = 9TNVAWA2VV;
				INFOPLIST_FILE = keyChainTest2/Info.plist;
				LD_RUNPATH_SEARCH_PATHS = (
					"$(inherited)",
					"@executable_path/Frameworks",
				);
				PRODUCT_BUNDLE_IDENTIFIER = h2.keyChainTest2;
				PRODUCT_NAME = "$(TARGET_NAME)";
				SWIFT_VERSION = 4.0;
				TARGETED_DEVICE_FAMILY = "1,2";
			};
			name = Debug;
		};
		D0F464F321072DBF0038B9CF /* Release */ = {
			isa = XCBuildConfiguration;
			buildSettings = {
				ASSETCATALOG_COMPILER_APPICON_NAME = AppIcon;
				CODE_SIGN_ENTITLEMENTS = keyChainTest2/keyChainTest2.entitlements;
				CODE_SIGN_STYLE = Automatic;
				DEVELOPMENT_TEAM = 9TNVAWA2VV;
				INFOPLIST_FILE = keyChainTest2/Info.plist;
				LD_RUNPATH_SEARCH_PATHS = (
					"$(inherited)",
					"@executable_path/Frameworks",
				);
				PRODUCT_BUNDLE_IDENTIFIER = h2.keyChainTest2;
				PRODUCT_NAME = "$(TARGET_NAME)";
				SWIFT_VERSION = 4.0;
				TARGETED_DEVICE_FAMILY = "1,2";
			};
			name = Release;
		};
/* End XCBuildConfiguration section */

/* Begin XCConfigurationList section */
		D07B082821019E680083FB04 /* Build configuration list for PBXProject "keyChainTest" */ = {
			isa = XCConfigurationList;
			buildConfigurations = (
				D07B083D21019E690083FB04 /* Debug */,
				D07B083E21019E690083FB04 /* Release */,
			);
			defaultConfigurationIsVisible = 0;
			defaultConfigurationName = Release;
		};
		D07B083F21019E690083FB04 /* Build configuration list for PBXNativeTarget "keyChainTest" */ = {
			isa = XCConfigurationList;
			buildConfigurations = (
				D07B084021019E690083FB04 /* Debug */,
				D07B084121019E690083FB04 /* Release */,
			);
			defaultConfigurationIsVisible = 0;
			defaultConfigurationName = Release;
		};
		D0F464F421072DBF0038B9CF /* Build configuration list for PBXNativeTarget "keyChainTest2" */ = {
			isa = XCConfigurationList;
			buildConfigurations = (
				D0F464F221072DBF0038B9CF /* Debug */,
				D0F464F321072DBF0038B9CF /* Release */,
			);
			defaultConfigurationIsVisible = 0;
			defaultConfigurationName = Release;
		};
/* End XCConfigurationList section */
	};
	rootObject = D07B082521019E680083FB04 /* Project object */;
}
